// !$*UTF8*$!
{
	archiveVersion = 1;
	classes = {
	};
	objectVersion = 52;
	objects = {

/* Begin PBXBuildFile section */
		BC2FFE6E26C4166B0001FDD4 /* Tab.swift in Sources */ = {isa = PBXBuildFile; fileRef = BC2FFE6D26C4166B0001FDD4 /* Tab.swift */; };
		BC2FFE7126C416B10001FDD4 /* LoginViewModel.swift in Sources */ = {isa = PBXBuildFile; fileRef = BC2FFE7026C416B10001FDD4 /* LoginViewModel.swift */; };
		BC7363D126C0EF2600C9E753 /* ContentView.swift in Sources */ = {isa = PBXBuildFile; fileRef = BC7363D026C0EF2600C9E753 /* ContentView.swift */; };
		BC7363D326C0EF2F00C9E753 /* Assets.xcassets in Resources */ = {isa = PBXBuildFile; fileRef = BC7363D226C0EF2F00C9E753 /* Assets.xcassets */; };
		BC7363D626C0EF2F00C9E753 /* Preview Assets.xcassets in Resources */ = {isa = PBXBuildFile; fileRef = BC7363D526C0EF2F00C9E753 /* Preview Assets.xcassets */; };
		BC7363E426C0FD8F00C9E753 /* LoginView.swift in Sources */ = {isa = PBXBuildFile; fileRef = BC7363E326C0FD8F00C9E753 /* LoginView.swift */; };
		BC9AF4E926C7B95B006D8887 /* MarketView.swift in Sources */ = {isa = PBXBuildFile; fileRef = BC9AF4E826C7B95B006D8887 /* MarketView.swift */; };
		BC9AF4EF26C7C777006D8887 /* MarketListItem.swift in Sources */ = {isa = PBXBuildFile; fileRef = BC9AF4EE26C7C777006D8887 /* MarketListItem.swift */; };
		BCD07E3C26D14E3500781E28 /* TorusSwiftDirectSDK in Frameworks */ = {isa = PBXBuildFile; productRef = BCD07E3B26D14E3500781E28 /* TorusSwiftDirectSDK */; };
		BCD07E5126D18E8200781E28 /* PerpApp.swift in Sources */ = {isa = PBXBuildFile; fileRef = BCD07E5026D18E8200781E28 /* PerpApp.swift */; };
/* End PBXBuildFile section */

/* Begin PBXFileReference section */
		BC2FFE6D26C4166B0001FDD4 /* Tab.swift */ = {isa = PBXFileReference; lastKnownFileType = sourcecode.swift; path = Tab.swift; sourceTree = "<group>"; };
		BC2FFE7026C416B10001FDD4 /* LoginViewModel.swift */ = {isa = PBXFileReference; lastKnownFileType = sourcecode.swift; path = LoginViewModel.swift; sourceTree = "<group>"; };
		BC7363CB26C0EF2600C9E753 /* Perp.app */ = {isa = PBXFileReference; explicitFileType = wrapper.application; includeInIndex = 0; path = Perp.app; sourceTree = BUILT_PRODUCTS_DIR; };
		BC7363D026C0EF2600C9E753 /* ContentView.swift */ = {isa = PBXFileReference; lastKnownFileType = sourcecode.swift; path = ContentView.swift; sourceTree = "<group>"; };
		BC7363D226C0EF2F00C9E753 /* Assets.xcassets */ = {isa = PBXFileReference; lastKnownFileType = folder.assetcatalog; path = Assets.xcassets; sourceTree = "<group>"; };
		BC7363D526C0EF2F00C9E753 /* Preview Assets.xcassets */ = {isa = PBXFileReference; lastKnownFileType = folder.assetcatalog; path = "Preview Assets.xcassets"; sourceTree = "<group>"; };
		BC7363D726C0EF2F00C9E753 /* Info.plist */ = {isa = PBXFileReference; lastKnownFileType = text.plist.xml; path = Info.plist; sourceTree = "<group>"; };
		BC7363E326C0FD8F00C9E753 /* LoginView.swift */ = {isa = PBXFileReference; lastKnownFileType = sourcecode.swift; path = LoginView.swift; sourceTree = "<group>"; };
		BC9AF4E826C7B95B006D8887 /* MarketView.swift */ = {isa = PBXFileReference; lastKnownFileType = sourcecode.swift; path = MarketView.swift; sourceTree = "<group>"; };
		BC9AF4EE26C7C777006D8887 /* MarketListItem.swift */ = {isa = PBXFileReference; lastKnownFileType = sourcecode.swift; path = MarketListItem.swift; sourceTree = "<group>"; };
		BCD07E5026D18E8200781E28 /* PerpApp.swift */ = {isa = PBXFileReference; lastKnownFileType = sourcecode.swift; path = PerpApp.swift; sourceTree = "<group>"; };
/* End PBXFileReference section */

/* Begin PBXFrameworksBuildPhase section */
		BC7363C826C0EF2600C9E753 /* Frameworks */ = {
			isa = PBXFrameworksBuildPhase;
			buildActionMask = 2147483647;
			files = (
				BCD07E3C26D14E3500781E28 /* TorusSwiftDirectSDK in Frameworks */,
			);
			runOnlyForDeploymentPostprocessing = 0;
		};
/* End PBXFrameworksBuildPhase section */

/* Begin PBXGroup section */
		BC7363C226C0EF2600C9E753 = {
			isa = PBXGroup;
			children = (
				BC7363CD26C0EF2600C9E753 /* Perp */,
				BC7363CC26C0EF2600C9E753 /* Products */,
			);
			sourceTree = "<group>";
		};
		BC7363CC26C0EF2600C9E753 /* Products */ = {
			isa = PBXGroup;
			children = (
				BC7363CB26C0EF2600C9E753 /* Perp.app */,
			);
			name = Products;
			sourceTree = "<group>";
		};
		BC7363CD26C0EF2600C9E753 /* Perp */ = {
			isa = PBXGroup;
			children = (
				BC7363E126C0FBA300C9E753 /* Models */,
				BC7363E026C0FB9B00C9E753 /* ViewModels */,
				BC7363DE26C0FB9500C9E753 /* Views */,
				BC7363D026C0EF2600C9E753 /* ContentView.swift */,
				BCD07E5026D18E8200781E28 /* PerpApp.swift */,
				BC7363D226C0EF2F00C9E753 /* Assets.xcassets */,
				BC7363D726C0EF2F00C9E753 /* Info.plist */,
				BC7363D426C0EF2F00C9E753 /* Preview Content */,
			);
			path = Perp;
			sourceTree = "<group>";
		};
		BC7363D426C0EF2F00C9E753 /* Preview Content */ = {
			isa = PBXGroup;
			children = (
				BC7363D526C0EF2F00C9E753 /* Preview Assets.xcassets */,
			);
			path = "Preview Content";
			sourceTree = "<group>";
		};
		BC7363DE26C0FB9500C9E753 /* Views */ = {
			isa = PBXGroup;
			children = (
				BC9AF4EB26C7C2F3006D8887 /* Market */,
				BC7363E326C0FD8F00C9E753 /* LoginView.swift */,
				BC2FFE6D26C4166B0001FDD4 /* Tab.swift */,
			);
			path = Views;
			sourceTree = "<group>";
		};
		BC7363E026C0FB9B00C9E753 /* ViewModels */ = {
			isa = PBXGroup;
			children = (
				BC2FFE7026C416B10001FDD4 /* LoginViewModel.swift */,
			);
			path = ViewModels;
			sourceTree = "<group>";
		};
		BC7363E126C0FBA300C9E753 /* Models */ = {
			isa = PBXGroup;
			children = (
			);
			path = Models;
			sourceTree = "<group>";
		};
		BC9AF4EB26C7C2F3006D8887 /* Market */ = {
			isa = PBXGroup;
			children = (
				BC9AF4EC26C7C301006D8887 /* Helpers */,
				BC9AF4E826C7B95B006D8887 /* MarketView.swift */,
			);
			path = Market;
			sourceTree = "<group>";
		};
		BC9AF4EC26C7C301006D8887 /* Helpers */ = {
			isa = PBXGroup;
			children = (
				BC9AF4EE26C7C777006D8887 /* MarketListItem.swift */,
			);
			path = Helpers;
			sourceTree = "<group>";
		};
/* End PBXGroup section */

/* Begin PBXNativeTarget section */
		BC7363CA26C0EF2600C9E753 /* Perp */ = {
			isa = PBXNativeTarget;
			buildConfigurationList = BC7363DA26C0EF2F00C9E753 /* Build configuration list for PBXNativeTarget "Perp" */;
			buildPhases = (
				BC7363C726C0EF2600C9E753 /* Sources */,
				BC7363C826C0EF2600C9E753 /* Frameworks */,
				BC7363C926C0EF2600C9E753 /* Resources */,
			);
			buildRules = (
			);
			dependencies = (
			);
			name = Perp;
			packageProductDependencies = (
				BCD07E3B26D14E3500781E28 /* TorusSwiftDirectSDK */,
			);
			productName = Perp;
			productReference = BC7363CB26C0EF2600C9E753 /* Perp.app */;
			productType = "com.apple.product-type.application";
		};
/* End PBXNativeTarget section */

/* Begin PBXProject section */
		BC7363C326C0EF2600C9E753 /* Project object */ = {
			isa = PBXProject;
			attributes = {
				LastSwiftUpdateCheck = 1240;
				LastUpgradeCheck = 1240;
				TargetAttributes = {
					BC7363CA26C0EF2600C9E753 = {
						CreatedOnToolsVersion = 12.4;
					};
				};
			};
			buildConfigurationList = BC7363C626C0EF2600C9E753 /* Build configuration list for PBXProject "Perp" */;
			compatibilityVersion = "Xcode 9.3";
			developmentRegion = en;
			hasScannedForEncodings = 0;
			knownRegions = (
				en,
				Base,
			);
			mainGroup = BC7363C226C0EF2600C9E753;
			packageReferences = (
				BCD07E3A26D14E3500781E28 /* XCRemoteSwiftPackageReference "torus-direct-swift-sdk" */,
			);
			productRefGroup = BC7363CC26C0EF2600C9E753 /* Products */;
			projectDirPath = "";
			projectRoot = "";
			targets = (
				BC7363CA26C0EF2600C9E753 /* Perp */,
			);
		};
/* End PBXProject section */

/* Begin PBXResourcesBuildPhase section */
		BC7363C926C0EF2600C9E753 /* Resources */ = {
			isa = PBXResourcesBuildPhase;
			buildActionMask = 2147483647;
			files = (
				BC7363D626C0EF2F00C9E753 /* Preview Assets.xcassets in Resources */,
				BC7363D326C0EF2F00C9E753 /* Assets.xcassets in Resources */,
			);
			runOnlyForDeploymentPostprocessing = 0;
		};
/* End PBXResourcesBuildPhase section */

/* Begin PBXSourcesBuildPhase section */
		BC7363C726C0EF2600C9E753 /* Sources */ = {
			isa = PBXSourcesBuildPhase;
			buildActionMask = 2147483647;
			files = (
				BC9AF4EF26C7C777006D8887 /* MarketListItem.swift in Sources */,
				BC7363E426C0FD8F00C9E753 /* LoginView.swift in Sources */,
				BC7363D126C0EF2600C9E753 /* ContentView.swift in Sources */,
				BC9AF4E926C7B95B006D8887 /* MarketView.swift in Sources */,
				BCD07E5126D18E8200781E28 /* PerpApp.swift in Sources */,
				BC2FFE6E26C4166B0001FDD4 /* Tab.swift in Sources */,
				BC2FFE7126C416B10001FDD4 /* LoginViewModel.swift in Sources */,
			);
			runOnlyForDeploymentPostprocessing = 0;
		};
/* End PBXSourcesBuildPhase section */

/* Begin XCBuildConfiguration section */
		BC7363D826C0EF2F00C9E753 /* Debug */ = {
			isa = XCBuildConfiguration;
			buildSettings = {
				ALWAYS_SEARCH_USER_PATHS = NO;
				CLANG_ANALYZER_NONNULL = YES;
				CLANG_ANALYZER_NUMBER_OBJECT_CONVERSION = YES_AGGRESSIVE;
				CLANG_CXX_LANGUAGE_STANDARD = "gnu++14";
				CLANG_CXX_LIBRARY = "libc++";
				CLANG_ENABLE_MODULES = YES;
				CLANG_ENABLE_OBJC_ARC = YES;
				CLANG_ENABLE_OBJC_WEAK = YES;
				CLANG_WARN_BLOCK_CAPTURE_AUTORELEASING = YES;
				CLANG_WARN_BOOL_CONVERSION = YES;
				CLANG_WARN_COMMA = YES;
				CLANG_WARN_CONSTANT_CONVERSION = YES;
				CLANG_WARN_DEPRECATED_OBJC_IMPLEMENTATIONS = YES;
				CLANG_WARN_DIRECT_OBJC_ISA_USAGE = YES_ERROR;
				CLANG_WARN_DOCUMENTATION_COMMENTS = YES;
				CLANG_WARN_EMPTY_BODY = YES;
				CLANG_WARN_ENUM_CONVERSION = YES;
				CLANG_WARN_INFINITE_RECURSION = YES;
				CLANG_WARN_INT_CONVERSION = YES;
				CLANG_WARN_NON_LITERAL_NULL_CONVERSION = YES;
				CLANG_WARN_OBJC_IMPLICIT_RETAIN_SELF = YES;
				CLANG_WARN_OBJC_LITERAL_CONVERSION = YES;
				CLANG_WARN_OBJC_ROOT_CLASS = YES_ERROR;
				CLANG_WARN_QUOTED_INCLUDE_IN_FRAMEWORK_HEADER = YES;
				CLANG_WARN_RANGE_LOOP_ANALYSIS = YES;
				CLANG_WARN_STRICT_PROTOTYPES = YES;
				CLANG_WARN_SUSPICIOUS_MOVE = YES;
				CLANG_WARN_UNGUARDED_AVAILABILITY = YES_AGGRESSIVE;
				CLANG_WARN_UNREACHABLE_CODE = YES;
				CLANG_WARN__DUPLICATE_METHOD_MATCH = YES;
				COPY_PHASE_STRIP = NO;
				DEBUG_INFORMATION_FORMAT = dwarf;
				ENABLE_STRICT_OBJC_MSGSEND = YES;
				ENABLE_TESTABILITY = YES;
				GCC_C_LANGUAGE_STANDARD = gnu11;
				GCC_DYNAMIC_NO_PIC = NO;
				GCC_NO_COMMON_BLOCKS = YES;
				GCC_OPTIMIZATION_LEVEL = 0;
				GCC_PREPROCESSOR_DEFINITIONS = (
					"DEBUG=1",
					"$(inherited)",
				);
				GCC_WARN_64_TO_32_BIT_CONVERSION = YES;
				GCC_WARN_ABOUT_RETURN_TYPE = YES_ERROR;
				GCC_WARN_UNDECLARED_SELECTOR = YES;
				GCC_WARN_UNINITIALIZED_AUTOS = YES_AGGRESSIVE;
				GCC_WARN_UNUSED_FUNCTION = YES;
				GCC_WARN_UNUSED_VARIABLE = YES;
				IPHONEOS_DEPLOYMENT_TARGET = 14.4;
				MTL_ENABLE_DEBUG_INFO = INCLUDE_SOURCE;
				MTL_FAST_MATH = YES;
				ONLY_ACTIVE_ARCH = YES;
				SDKROOT = iphoneos;
				SWIFT_ACTIVE_COMPILATION_CONDITIONS = DEBUG;
				SWIFT_OPTIMIZATION_LEVEL = "-Onone";
			};
			name = Debug;
		};
		BC7363D926C0EF2F00C9E753 /* Release */ = {
			isa = XCBuildConfiguration;
			buildSettings = {
				ALWAYS_SEARCH_USER_PATHS = NO;
				CLANG_ANALYZER_NONNULL = YES;
				CLANG_ANALYZER_NUMBER_OBJECT_CONVERSION = YES_AGGRESSIVE;
				CLANG_CXX_LANGUAGE_STANDARD = "gnu++14";
				CLANG_CXX_LIBRARY = "libc++";
				CLANG_ENABLE_MODULES = YES;
				CLANG_ENABLE_OBJC_ARC = YES;
				CLANG_ENABLE_OBJC_WEAK = YES;
				CLANG_WARN_BLOCK_CAPTURE_AUTORELEASING = YES;
				CLANG_WARN_BOOL_CONVERSION = YES;
				CLANG_WARN_COMMA = YES;
				CLANG_WARN_CONSTANT_CONVERSION = YES;
				CLANG_WARN_DEPRECATED_OBJC_IMPLEMENTATIONS = YES;
				CLANG_WARN_DIRECT_OBJC_ISA_USAGE = YES_ERROR;
				CLANG_WARN_DOCUMENTATION_COMMENTS = YES;
				CLANG_WARN_EMPTY_BODY = YES;
				CLANG_WARN_ENUM_CONVERSION = YES;
				CLANG_WARN_INFINITE_RECURSION = YES;
				CLANG_WARN_INT_CONVERSION = YES;
				CLANG_WARN_NON_LITERAL_NULL_CONVERSION = YES;
				CLANG_WARN_OBJC_IMPLICIT_RETAIN_SELF = YES;
				CLANG_WARN_OBJC_LITERAL_CONVERSION = YES;
				CLANG_WARN_OBJC_ROOT_CLASS = YES_ERROR;
				CLANG_WARN_QUOTED_INCLUDE_IN_FRAMEWORK_HEADER = YES;
				CLANG_WARN_RANGE_LOOP_ANALYSIS = YES;
				CLANG_WARN_STRICT_PROTOTYPES = YES;
				CLANG_WARN_SUSPICIOUS_MOVE = YES;
				CLANG_WARN_UNGUARDED_AVAILABILITY = YES_AGGRESSIVE;
				CLANG_WARN_UNREACHABLE_CODE = YES;
				CLANG_WARN__DUPLICATE_METHOD_MATCH = YES;
				COPY_PHASE_STRIP = NO;
				DEBUG_INFORMATION_FORMAT = "dwarf-with-dsym";
				ENABLE_NS_ASSERTIONS = NO;
				ENABLE_STRICT_OBJC_MSGSEND = YES;
				GCC_C_LANGUAGE_STANDARD = gnu11;
				GCC_NO_COMMON_BLOCKS = YES;
				GCC_WARN_64_TO_32_BIT_CONVERSION = YES;
				GCC_WARN_ABOUT_RETURN_TYPE = YES_ERROR;
				GCC_WARN_UNDECLARED_SELECTOR = YES;
				GCC_WARN_UNINITIALIZED_AUTOS = YES_AGGRESSIVE;
				GCC_WARN_UNUSED_FUNCTION = YES;
				GCC_WARN_UNUSED_VARIABLE = YES;
				IPHONEOS_DEPLOYMENT_TARGET = 14.4;
				MTL_ENABLE_DEBUG_INFO = NO;
				MTL_FAST_MATH = YES;
				SDKROOT = iphoneos;
				SWIFT_COMPILATION_MODE = wholemodule;
				SWIFT_OPTIMIZATION_LEVEL = "-O";
				VALIDATE_PRODUCT = YES;
			};
			name = Release;
		};
		BC7363DB26C0EF2F00C9E753 /* Debug */ = {
			isa = XCBuildConfiguration;
			buildSettings = {
				ASSETCATALOG_COMPILER_APPICON_NAME = AppIcon;
				ASSETCATALOG_COMPILER_GLOBAL_ACCENT_COLOR_NAME = AccentColor;
				CODE_SIGN_STYLE = Automatic;
				DEVELOPMENT_ASSET_PATHS = "\"Perp/Preview Content\"";
				DEVELOPMENT_TEAM = FYS9RNAGTV;
				ENABLE_PREVIEWS = YES;
				INFOPLIST_FILE = Perp/Info.plist;
				IPHONEOS_DEPLOYMENT_TARGET = 14.0;
				LD_RUNPATH_SEARCH_PATHS = (
					"$(inherited)",
					"@executable_path/Frameworks",
				);
				PRODUCT_BUNDLE_IDENTIFIER = com.beauth.perpetual;
				PRODUCT_NAME = "$(TARGET_NAME)";
				SWIFT_VERSION = 5.0;
				TARGETED_DEVICE_FAMILY = 1;
			};
			name = Debug;
		};
		BC7363DC26C0EF2F00C9E753 /* Release */ = {
			isa = XCBuildConfiguration;
			buildSettings = {
				ASSETCATALOG_COMPILER_APPICON_NAME = AppIcon;
				ASSETCATALOG_COMPILER_GLOBAL_ACCENT_COLOR_NAME = AccentColor;
				CODE_SIGN_STYLE = Automatic;
				DEVELOPMENT_ASSET_PATHS = "\"Perp/Preview Content\"";
				DEVELOPMENT_TEAM = FYS9RNAGTV;
				ENABLE_PREVIEWS = YES;
				INFOPLIST_FILE = Perp/Info.plist;
				IPHONEOS_DEPLOYMENT_TARGET = 14.0;
				LD_RUNPATH_SEARCH_PATHS = (
					"$(inherited)",
					"@executable_path/Frameworks",
				);
				PRODUCT_BUNDLE_IDENTIFIER = com.beauth.perpetual;
				PRODUCT_NAME = "$(TARGET_NAME)";
				SWIFT_VERSION = 5.0;
				TARGETED_DEVICE_FAMILY = 1;
			};
			name = Release;
		};
/* End XCBuildConfiguration section */

/* Begin XCConfigurationList section */
		BC7363C626C0EF2600C9E753 /* Build configuration list for PBXProject "Perp" */ = {
			isa = XCConfigurationList;
			buildConfigurations = (
				BC7363D826C0EF2F00C9E753 /* Debug */,
				BC7363D926C0EF2F00C9E753 /* Release */,
			);
			defaultConfigurationIsVisible = 0;
			defaultConfigurationName = Release;
		};
		BC7363DA26C0EF2F00C9E753 /* Build configuration list for PBXNativeTarget "Perp" */ = {
			isa = XCConfigurationList;
			buildConfigurations = (
				BC7363DB26C0EF2F00C9E753 /* Debug */,
				BC7363DC26C0EF2F00C9E753 /* Release */,
			);
			defaultConfigurationIsVisible = 0;
			defaultConfigurationName = Release;
		};
/* End XCConfigurationList section */

/* Begin XCRemoteSwiftPackageReference section */
		BCD07E3A26D14E3500781E28 /* XCRemoteSwiftPackageReference "torus-direct-swift-sdk" */ = {
			isa = XCRemoteSwiftPackageReference;
			repositoryURL = "https://github.com/torusresearch/torus-direct-swift-sdk";
			requirement = {
				kind = upToNextMajorVersion;
				minimumVersion = 0.3.1;
			};
		};
/* End XCRemoteSwiftPackageReference section */

/* Begin XCSwiftPackageProductDependency section */
		BCD07E3B26D14E3500781E28 /* TorusSwiftDirectSDK */ = {
			isa = XCSwiftPackageProductDependency;
			package = BCD07E3A26D14E3500781E28 /* XCRemoteSwiftPackageReference "torus-direct-swift-sdk" */;
			productName = TorusSwiftDirectSDK;
		};
/* End XCSwiftPackageProductDependency section */
	};
	rootObject = BC7363C326C0EF2600C9E753 /* Project object */;
}
