// !$*UTF8*$!
{
	archiveVersion = 1;
	classes = {
	};
	objectVersion = 52;
	objects = {

/* Begin PBXBuildFile section */
		BC036F9726E4B78B0028E590 /* ApolloWebSocket in Frameworks */ = {isa = PBXBuildFile; productRef = BC036F9626E4B78B0028E590 /* ApolloWebSocket */; };
		BC036F9926E4B78B0028E590 /* Apollo in Frameworks */ = {isa = PBXBuildFile; productRef = BC036F9826E4B78B0028E590 /* Apollo */; };
		BC036F9B26E4B78B0028E590 /* ApolloUtils in Frameworks */ = {isa = PBXBuildFile; productRef = BC036F9A26E4B78B0028E590 /* ApolloUtils */; };
		BC036F9D26E4B78B0028E590 /* ApolloAPI in Frameworks */ = {isa = PBXBuildFile; productRef = BC036F9C26E4B78B0028E590 /* ApolloAPI */; };
		BC06C12626F61D3500A47812 /* TokenBalance.swift in Sources */ = {isa = PBXBuildFile; fileRef = BC06C12526F61D3500A47812 /* TokenBalance.swift */; };
		BC06C12826F61D7A00A47812 /* AccountViewModel.swift in Sources */ = {isa = PBXBuildFile; fileRef = BC06C12726F61D7A00A47812 /* AccountViewModel.swift */; };
		BC06C12B26F61F0C00A47812 /* Alamofire in Frameworks */ = {isa = PBXBuildFile; productRef = BC06C12A26F61F0C00A47812 /* Alamofire */; };
		BC06C12D26F6203200A47812 /* xDaiTokenBalance.swift in Sources */ = {isa = PBXBuildFile; fileRef = BC06C12C26F6203200A47812 /* xDaiTokenBalance.swift */; };
		BC1EC81C26E8D05200F28F2D /* AmmInfo.swift in Sources */ = {isa = PBXBuildFile; fileRef = BC1EC81B26E8D05200F28F2D /* AmmInfo.swift */; };
		BC2FFE6E26C4166B0001FDD4 /* Tab.swift in Sources */ = {isa = PBXBuildFile; fileRef = BC2FFE6D26C4166B0001FDD4 /* Tab.swift */; };
		BC2FFE7126C416B10001FDD4 /* LoginViewModel.swift in Sources */ = {isa = PBXBuildFile; fileRef = BC2FFE7026C416B10001FDD4 /* LoginViewModel.swift */; };
		BC447FF826E429E200F6357A /* schema.json in Resources */ = {isa = PBXBuildFile; fileRef = BC447FF726E429E200F6357A /* schema.json */; };
		BC447FFA26E42A5800F6357A /* MarketRepository.swift in Sources */ = {isa = PBXBuildFile; fileRef = BC447FF926E42A5800F6357A /* MarketRepository.swift */; };
		BC447FFC26E42A8200F6357A /* Queries.graphql in Resources */ = {isa = PBXBuildFile; fileRef = BC447FFB26E42A8200F6357A /* Queries.graphql */; };
		BC447FFF26E42B5200F6357A /* Apollo.swift in Sources */ = {isa = PBXBuildFile; fileRef = BC447FFE26E42B5200F6357A /* Apollo.swift */; };
		BC56E96626E4B63300703C64 /* SetorderView.swift in Sources */ = {isa = PBXBuildFile; fileRef = BC56E96526E4B63300703C64 /* SetorderView.swift */; };
		BC7363D126C0EF2600C9E753 /* ContentView.swift in Sources */ = {isa = PBXBuildFile; fileRef = BC7363D026C0EF2600C9E753 /* ContentView.swift */; };
		BC7363D326C0EF2F00C9E753 /* Assets.xcassets in Resources */ = {isa = PBXBuildFile; fileRef = BC7363D226C0EF2F00C9E753 /* Assets.xcassets */; };
		BC7363D626C0EF2F00C9E753 /* Preview Assets.xcassets in Resources */ = {isa = PBXBuildFile; fileRef = BC7363D526C0EF2F00C9E753 /* Preview Assets.xcassets */; };
		BC7363E426C0FD8F00C9E753 /* LoginView.swift in Sources */ = {isa = PBXBuildFile; fileRef = BC7363E326C0FD8F00C9E753 /* LoginView.swift */; };
		BC7477D526DFD2650028CA71 /* AssetsView.swift in Sources */ = {isa = PBXBuildFile; fileRef = BC7477D426DFD2650028CA71 /* AssetsView.swift */; };
		BC96A4DD26ECAF9F00F8B8B9 /* Market.swift in Sources */ = {isa = PBXBuildFile; fileRef = BC96A4DC26ECAF9F00F8B8B9 /* Market.swift */; };
		BC96A4DF26ECB41700F8B8B9 /* MarketViewModel.swift in Sources */ = {isa = PBXBuildFile; fileRef = BC96A4DE26ECB41700F8B8B9 /* MarketViewModel.swift */; };
		BC96A4E126ECC7FC00F8B8B9 /* MarketDataViewModel.swift in Sources */ = {isa = PBXBuildFile; fileRef = BC96A4E026ECC7FC00F8B8B9 /* MarketDataViewModel.swift */; };
		BC96A4E726ECCA4000F8B8B9 /* Resolver in Frameworks */ = {isa = PBXBuildFile; productRef = BC96A4E626ECCA4000F8B8B9 /* Resolver */; };
		BC96A4E926ECCA4000F8B8B9 /* Resolver-Static in Frameworks */ = {isa = PBXBuildFile; productRef = BC96A4E826ECCA4000F8B8B9 /* Resolver-Static */; };
		BC96A4EB26ECF01800F8B8B9 /* AccountView.swift in Sources */ = {isa = PBXBuildFile; fileRef = BC96A4EA26ECF01800F8B8B9 /* AccountView.swift */; };
		BC96A4F026ECF14000F8B8B9 /* RewardsView.swift in Sources */ = {isa = PBXBuildFile; fileRef = BC96A4EF26ECF14000F8B8B9 /* RewardsView.swift */; };
		BC96A4F226ECF19B00F8B8B9 /* StakingView.swift in Sources */ = {isa = PBXBuildFile; fileRef = BC96A4F126ECF19B00F8B8B9 /* StakingView.swift */; };
		BC96A4F526ED19EE00F8B8B9 /* CryptoSwift in Frameworks */ = {isa = PBXBuildFile; productRef = BC96A4F426ED19EE00F8B8B9 /* CryptoSwift */; };
		BC96A4F826ED1C0700F8B8B9 /* SwiftKeccak in Frameworks */ = {isa = PBXBuildFile; productRef = BC96A4F726ED1C0700F8B8B9 /* SwiftKeccak */; };
		BC9AF4E926C7B95B006D8887 /* MarketView.swift in Sources */ = {isa = PBXBuildFile; fileRef = BC9AF4E826C7B95B006D8887 /* MarketView.swift */; };
		BC9AF4EF26C7C777006D8887 /* MarketListItem.swift in Sources */ = {isa = PBXBuildFile; fileRef = BC9AF4EE26C7C777006D8887 /* MarketListItem.swift */; };
		BCB4F8CA26E16CD5006DB5AD /* OnboardingView.swift in Sources */ = {isa = PBXBuildFile; fileRef = BCB4F8C926E16CD5006DB5AD /* OnboardingView.swift */; };
		BCCCB2AA26E2628000B26878 /* Lottie in Frameworks */ = {isa = PBXBuildFile; productRef = BCCCB2A926E2628000B26878 /* Lottie */; };
		BCCCB2B026E2640200B26878 /* .swiftlint.yml in Resources */ = {isa = PBXBuildFile; fileRef = BCCCB2AF26E2640200B26878 /* .swiftlint.yml */; };
		BCCCB2B226E26D1500B26878 /* LottieView.swift in Sources */ = {isa = PBXBuildFile; fileRef = BCCCB2B126E26D1500B26878 /* LottieView.swift */; };
		BCCCB2B526E2754900B26878 /* stake.json in Resources */ = {isa = PBXBuildFile; fileRef = BCCCB2B426E2754900B26878 /* stake.json */; };
		BCCCB2B726E2759C00B26878 /* leverage.json in Resources */ = {isa = PBXBuildFile; fileRef = BCCCB2B626E2759B00B26878 /* leverage.json */; };
		BCD07E3C26D14E3500781E28 /* TorusSwiftDirectSDK in Frameworks */ = {isa = PBXBuildFile; productRef = BCD07E3B26D14E3500781E28 /* TorusSwiftDirectSDK */; };
		BCD07E5126D18E8200781E28 /* PerpApp.swift in Sources */ = {isa = PBXBuildFile; fileRef = BCD07E5026D18E8200781E28 /* PerpApp.swift */; };
		BCD323F126E1652F00B25C4A /* Globals.swift in Sources */ = {isa = PBXBuildFile; fileRef = BCD323F026E1652F00B25C4A /* Globals.swift */; };
		BCEB911E26FF9E1E00B07936 /* SDWebImageSwiftUI in Frameworks */ = {isa = PBXBuildFile; productRef = BCEB911D26FF9E1E00B07936 /* SDWebImageSwiftUI */; };
/* End PBXBuildFile section */

/* Begin PBXCopyFilesBuildPhase section */
		BC447FF626E427A900F6357A /* Embed Frameworks */ = {
			isa = PBXCopyFilesBuildPhase;
			buildActionMask = 2147483647;
			dstPath = "";
			dstSubfolderSpec = 10;
			files = (
			);
			name = "Embed Frameworks";
			runOnlyForDeploymentPostprocessing = 0;
		};
/* End PBXCopyFilesBuildPhase section */

/* Begin PBXFileReference section */
		BC06C12526F61D3500A47812 /* TokenBalance.swift */ = {isa = PBXFileReference; lastKnownFileType = sourcecode.swift; path = TokenBalance.swift; sourceTree = "<group>"; };
		BC06C12726F61D7A00A47812 /* AccountViewModel.swift */ = {isa = PBXFileReference; lastKnownFileType = sourcecode.swift; path = AccountViewModel.swift; sourceTree = "<group>"; };
		BC06C12C26F6203200A47812 /* xDaiTokenBalance.swift */ = {isa = PBXFileReference; lastKnownFileType = sourcecode.swift; path = xDaiTokenBalance.swift; sourceTree = "<group>"; };
		BC1EC81B26E8D05200F28F2D /* AmmInfo.swift */ = {isa = PBXFileReference; lastKnownFileType = sourcecode.swift; path = AmmInfo.swift; sourceTree = "<group>"; };
		BC2FFE6D26C4166B0001FDD4 /* Tab.swift */ = {isa = PBXFileReference; lastKnownFileType = sourcecode.swift; path = Tab.swift; sourceTree = "<group>"; };
		BC2FFE7026C416B10001FDD4 /* LoginViewModel.swift */ = {isa = PBXFileReference; lastKnownFileType = sourcecode.swift; path = LoginViewModel.swift; sourceTree = "<group>"; };
		BC447FF726E429E200F6357A /* schema.json */ = {isa = PBXFileReference; fileEncoding = 4; lastKnownFileType = text.json; path = schema.json; sourceTree = "<group>"; };
		BC447FF926E42A5800F6357A /* MarketRepository.swift */ = {isa = PBXFileReference; lastKnownFileType = sourcecode.swift; path = MarketRepository.swift; sourceTree = "<group>"; };
		BC447FFB26E42A8200F6357A /* Queries.graphql */ = {isa = PBXFileReference; lastKnownFileType = text; path = Queries.graphql; sourceTree = "<group>"; };
		BC447FFE26E42B5200F6357A /* Apollo.swift */ = {isa = PBXFileReference; lastKnownFileType = sourcecode.swift; path = Apollo.swift; sourceTree = "<group>"; };
		BC56E96526E4B63300703C64 /* SetorderView.swift */ = {isa = PBXFileReference; lastKnownFileType = sourcecode.swift; path = SetorderView.swift; sourceTree = "<group>"; };
		BC7363CB26C0EF2600C9E753 /* Perp.app */ = {isa = PBXFileReference; explicitFileType = wrapper.application; includeInIndex = 0; path = Perp.app; sourceTree = BUILT_PRODUCTS_DIR; };
		BC7363D026C0EF2600C9E753 /* ContentView.swift */ = {isa = PBXFileReference; lastKnownFileType = sourcecode.swift; path = ContentView.swift; sourceTree = "<group>"; };
		BC7363D226C0EF2F00C9E753 /* Assets.xcassets */ = {isa = PBXFileReference; lastKnownFileType = folder.assetcatalog; path = Assets.xcassets; sourceTree = "<group>"; };
		BC7363D526C0EF2F00C9E753 /* Preview Assets.xcassets */ = {isa = PBXFileReference; lastKnownFileType = folder.assetcatalog; path = "Preview Assets.xcassets"; sourceTree = "<group>"; };
		BC7363D726C0EF2F00C9E753 /* Info.plist */ = {isa = PBXFileReference; lastKnownFileType = text.plist.xml; path = Info.plist; sourceTree = "<group>"; };
		BC7363E326C0FD8F00C9E753 /* LoginView.swift */ = {isa = PBXFileReference; lastKnownFileType = sourcecode.swift; path = LoginView.swift; sourceTree = "<group>"; };
		BC7477D426DFD2650028CA71 /* AssetsView.swift */ = {isa = PBXFileReference; lastKnownFileType = sourcecode.swift; path = AssetsView.swift; sourceTree = "<group>"; };
		BC96A4DC26ECAF9F00F8B8B9 /* Market.swift */ = {isa = PBXFileReference; lastKnownFileType = sourcecode.swift; path = Market.swift; sourceTree = "<group>"; };
		BC96A4DE26ECB41700F8B8B9 /* MarketViewModel.swift */ = {isa = PBXFileReference; lastKnownFileType = sourcecode.swift; path = MarketViewModel.swift; sourceTree = "<group>"; };
		BC96A4E026ECC7FC00F8B8B9 /* MarketDataViewModel.swift */ = {isa = PBXFileReference; lastKnownFileType = sourcecode.swift; path = MarketDataViewModel.swift; sourceTree = "<group>"; };
		BC96A4EA26ECF01800F8B8B9 /* AccountView.swift */ = {isa = PBXFileReference; lastKnownFileType = sourcecode.swift; path = AccountView.swift; sourceTree = "<group>"; };
		BC96A4EF26ECF14000F8B8B9 /* RewardsView.swift */ = {isa = PBXFileReference; lastKnownFileType = sourcecode.swift; path = RewardsView.swift; sourceTree = "<group>"; };
		BC96A4F126ECF19B00F8B8B9 /* StakingView.swift */ = {isa = PBXFileReference; lastKnownFileType = sourcecode.swift; path = StakingView.swift; sourceTree = "<group>"; };
		BC9AF4E826C7B95B006D8887 /* MarketView.swift */ = {isa = PBXFileReference; lastKnownFileType = sourcecode.swift; path = MarketView.swift; sourceTree = "<group>"; };
		BC9AF4EE26C7C777006D8887 /* MarketListItem.swift */ = {isa = PBXFileReference; lastKnownFileType = sourcecode.swift; path = MarketListItem.swift; sourceTree = "<group>"; };
		BCB4F8C926E16CD5006DB5AD /* OnboardingView.swift */ = {isa = PBXFileReference; lastKnownFileType = sourcecode.swift; path = OnboardingView.swift; sourceTree = "<group>"; };
		BCCCB2AF26E2640200B26878 /* .swiftlint.yml */ = {isa = PBXFileReference; lastKnownFileType = text.yaml; path = .swiftlint.yml; sourceTree = "<group>"; };
		BCCCB2B126E26D1500B26878 /* LottieView.swift */ = {isa = PBXFileReference; lastKnownFileType = sourcecode.swift; path = LottieView.swift; sourceTree = "<group>"; };
		BCCCB2B426E2754900B26878 /* stake.json */ = {isa = PBXFileReference; fileEncoding = 4; lastKnownFileType = text.json; path = stake.json; sourceTree = "<group>"; };
		BCCCB2B626E2759B00B26878 /* leverage.json */ = {isa = PBXFileReference; fileEncoding = 4; lastKnownFileType = text.json; path = leverage.json; sourceTree = "<group>"; };
		BCD07E5026D18E8200781E28 /* PerpApp.swift */ = {isa = PBXFileReference; lastKnownFileType = sourcecode.swift; path = PerpApp.swift; sourceTree = "<group>"; };
		BCD323F026E1652F00B25C4A /* Globals.swift */ = {isa = PBXFileReference; lastKnownFileType = sourcecode.swift; path = Globals.swift; sourceTree = "<group>"; };
/* End PBXFileReference section */

/* Begin PBXFrameworksBuildPhase section */
		BC7363C826C0EF2600C9E753 /* Frameworks */ = {
			isa = PBXFrameworksBuildPhase;
			buildActionMask = 2147483647;
			files = (
				BCEB911E26FF9E1E00B07936 /* SDWebImageSwiftUI in Frameworks */,
				BC036F9D26E4B78B0028E590 /* ApolloAPI in Frameworks */,
				BCD07E3C26D14E3500781E28 /* TorusSwiftDirectSDK in Frameworks */,
				BC96A4F826ED1C0700F8B8B9 /* SwiftKeccak in Frameworks */,
				BC96A4F526ED19EE00F8B8B9 /* CryptoSwift in Frameworks */,
				BC96A4E726ECCA4000F8B8B9 /* Resolver in Frameworks */,
				BC06C12B26F61F0C00A47812 /* Alamofire in Frameworks */,
				BC036F9B26E4B78B0028E590 /* ApolloUtils in Frameworks */,
				BC036F9926E4B78B0028E590 /* Apollo in Frameworks */,
				BC036F9726E4B78B0028E590 /* ApolloWebSocket in Frameworks */,
				BC96A4E926ECCA4000F8B8B9 /* Resolver-Static in Frameworks */,
				BCCCB2AA26E2628000B26878 /* Lottie in Frameworks */,
			);
			runOnlyForDeploymentPostprocessing = 0;
		};
/* End PBXFrameworksBuildPhase section */

/* Begin PBXGroup section */
		BC06D42C26E39DE300169502 /* Repository */ = {
			isa = PBXGroup;
			children = (
				BC447FF926E42A5800F6357A /* MarketRepository.swift */,
			);
			path = Repository;
			sourceTree = "<group>";
		};
		BC447FFD26E42B3C00F6357A /* Graphql */ = {
			isa = PBXGroup;
			children = (
				BC447FFB26E42A8200F6357A /* Queries.graphql */,
				BC447FFE26E42B5200F6357A /* Apollo.swift */,
			);
			path = Graphql;
			sourceTree = "<group>";
		};
		BC56E96426E4B61700703C64 /* Orders */ = {
			isa = PBXGroup;
			children = (
				BC56E96526E4B63300703C64 /* SetorderView.swift */,
			);
			path = Orders;
			sourceTree = "<group>";
		};
		BC7363C226C0EF2600C9E753 = {
			isa = PBXGroup;
			children = (
				BCCCB2AF26E2640200B26878 /* .swiftlint.yml */,
				BC7363CD26C0EF2600C9E753 /* Perp */,
				BC7363CC26C0EF2600C9E753 /* Products */,
			);
			sourceTree = "<group>";
		};
		BC7363CC26C0EF2600C9E753 /* Products */ = {
			isa = PBXGroup;
			children = (
				BC7363CB26C0EF2600C9E753 /* Perp.app */,
			);
			name = Products;
			sourceTree = "<group>";
		};
		BC7363CD26C0EF2600C9E753 /* Perp */ = {
			isa = PBXGroup;
			children = (
				BC447FF726E429E200F6357A /* schema.json */,
				BC447FFD26E42B3C00F6357A /* Graphql */,
				BC06D42C26E39DE300169502 /* Repository */,
				BCCCB2B326E2754000B26878 /* Lottie */,
				BC7363E126C0FBA300C9E753 /* Models */,
				BC7363E026C0FB9B00C9E753 /* ViewModels */,
				BC7363DE26C0FB9500C9E753 /* Views */,
				BC7363D026C0EF2600C9E753 /* ContentView.swift */,
				BCD323F026E1652F00B25C4A /* Globals.swift */,
				BCD07E5026D18E8200781E28 /* PerpApp.swift */,
				BC7363D226C0EF2F00C9E753 /* Assets.xcassets */,
				BC7363D726C0EF2F00C9E753 /* Info.plist */,
				BC7363D426C0EF2F00C9E753 /* Preview Content */,
			);
			path = Perp;
			sourceTree = "<group>";
		};
		BC7363D426C0EF2F00C9E753 /* Preview Content */ = {
			isa = PBXGroup;
			children = (
				BC7363D526C0EF2F00C9E753 /* Preview Assets.xcassets */,
			);
			path = "Preview Content";
			sourceTree = "<group>";
		};
		BC7363DE26C0FB9500C9E753 /* Views */ = {
			isa = PBXGroup;
			children = (
				BC96A4EE26ECF13100F8B8B9 /* Rewards */,
				BC96A4ED26ECF12B00F8B8B9 /* Staking */,
				BCCCB2B126E26D1500B26878 /* LottieView.swift */,
				BC7477D326DFD2530028CA71 /* Assets */,
				BC9AF4EB26C7C2F3006D8887 /* Market */,
				BC7363E326C0FD8F00C9E753 /* LoginView.swift */,
				BC2FFE6D26C4166B0001FDD4 /* Tab.swift */,
				BCB4F8C926E16CD5006DB5AD /* OnboardingView.swift */,
			);
			path = Views;
			sourceTree = "<group>";
		};
		BC7363E026C0FB9B00C9E753 /* ViewModels */ = {
			isa = PBXGroup;
			children = (
				BC2FFE7026C416B10001FDD4 /* LoginViewModel.swift */,
				BC96A4DE26ECB41700F8B8B9 /* MarketViewModel.swift */,
				BC96A4E026ECC7FC00F8B8B9 /* MarketDataViewModel.swift */,
				BC06C12726F61D7A00A47812 /* AccountViewModel.swift */,
			);
			path = ViewModels;
			sourceTree = "<group>";
		};
		BC7363E126C0FBA300C9E753 /* Models */ = {
			isa = PBXGroup;
			children = (
				BC1EC81B26E8D05200F28F2D /* AmmInfo.swift */,
				BC96A4DC26ECAF9F00F8B8B9 /* Market.swift */,
				BC06C12526F61D3500A47812 /* TokenBalance.swift */,
				BC06C12C26F6203200A47812 /* xDaiTokenBalance.swift */,
			);
			path = Models;
			sourceTree = "<group>";
		};
		BC7477D326DFD2530028CA71 /* Assets */ = {
			isa = PBXGroup;
			children = (
				BC7477D426DFD2650028CA71 /* AssetsView.swift */,
			);
			path = Assets;
			sourceTree = "<group>";
		};
		BC96A4EC26ECF02000F8B8B9 /* Account */ = {
			isa = PBXGroup;
			children = (
				BC96A4EA26ECF01800F8B8B9 /* AccountView.swift */,
			);
			path = Account;
			sourceTree = "<group>";
		};
		BC96A4ED26ECF12B00F8B8B9 /* Staking */ = {
			isa = PBXGroup;
			children = (
				BC96A4F126ECF19B00F8B8B9 /* StakingView.swift */,
			);
			path = Staking;
			sourceTree = "<group>";
		};
		BC96A4EE26ECF13100F8B8B9 /* Rewards */ = {
			isa = PBXGroup;
			children = (
				BC96A4EF26ECF14000F8B8B9 /* RewardsView.swift */,
			);
			path = Rewards;
			sourceTree = "<group>";
		};
		BC9AF4EB26C7C2F3006D8887 /* Market */ = {
			isa = PBXGroup;
			children = (
				BC96A4EC26ECF02000F8B8B9 /* Account */,
				BC56E96426E4B61700703C64 /* Orders */,
				BC9AF4EC26C7C301006D8887 /* Helpers */,
				BC9AF4E826C7B95B006D8887 /* MarketView.swift */,
			);
			path = Market;
			sourceTree = "<group>";
		};
		BC9AF4EC26C7C301006D8887 /* Helpers */ = {
			isa = PBXGroup;
			children = (
				BC9AF4EE26C7C777006D8887 /* MarketListItem.swift */,
			);
			path = Helpers;
			sourceTree = "<group>";
		};
		BCCCB2B326E2754000B26878 /* Lottie */ = {
			isa = PBXGroup;
			children = (
				BCCCB2B426E2754900B26878 /* stake.json */,
				BCCCB2B626E2759B00B26878 /* leverage.json */,
			);
			path = Lottie;
			sourceTree = "<group>";
		};
/* End PBXGroup section */

/* Begin PBXNativeTarget section */
		BC7363CA26C0EF2600C9E753 /* Perp */ = {
			isa = PBXNativeTarget;
			buildConfigurationList = BC7363DA26C0EF2F00C9E753 /* Build configuration list for PBXNativeTarget "Perp" */;
			buildPhases = (
				BC7363C726C0EF2600C9E753 /* Sources */,
				BC7363C826C0EF2600C9E753 /* Frameworks */,
				BC7363C926C0EF2600C9E753 /* Resources */,
				BCCCB2AB26E2639000B26878 /* ShellScript */,
				BC447FF626E427A900F6357A /* Embed Frameworks */,
			);
			buildRules = (
			);
			dependencies = (
			);
			name = Perp;
			packageProductDependencies = (
				BCD07E3B26D14E3500781E28 /* TorusSwiftDirectSDK */,
				BCCCB2A926E2628000B26878 /* Lottie */,
				BC036F9626E4B78B0028E590 /* ApolloWebSocket */,
				BC036F9826E4B78B0028E590 /* Apollo */,
				BC036F9A26E4B78B0028E590 /* ApolloUtils */,
				BC036F9C26E4B78B0028E590 /* ApolloAPI */,
				BC96A4E626ECCA4000F8B8B9 /* Resolver */,
				BC96A4E826ECCA4000F8B8B9 /* Resolver-Static */,
				BC96A4F426ED19EE00F8B8B9 /* CryptoSwift */,
				BC96A4F726ED1C0700F8B8B9 /* SwiftKeccak */,
				BC06C12A26F61F0C00A47812 /* Alamofire */,
				BCEB911D26FF9E1E00B07936 /* SDWebImageSwiftUI */,
			);
			productName = Perp;
			productReference = BC7363CB26C0EF2600C9E753 /* Perp.app */;
			productType = "com.apple.product-type.application";
		};
/* End PBXNativeTarget section */

/* Begin PBXProject section */
		BC7363C326C0EF2600C9E753 /* Project object */ = {
			isa = PBXProject;
			attributes = {
				LastSwiftUpdateCheck = 1240;
				LastUpgradeCheck = 1240;
				TargetAttributes = {
					BC7363CA26C0EF2600C9E753 = {
						CreatedOnToolsVersion = 12.4;
					};
				};
			};
			buildConfigurationList = BC7363C626C0EF2600C9E753 /* Build configuration list for PBXProject "Perp" */;
			compatibilityVersion = "Xcode 9.3";
			developmentRegion = en;
			hasScannedForEncodings = 0;
			knownRegions = (
				en,
				Base,
			);
			mainGroup = BC7363C226C0EF2600C9E753;
			packageReferences = (
				BCD07E3A26D14E3500781E28 /* XCRemoteSwiftPackageReference "torus-direct-swift-sdk" */,
				BCCCB2A826E2628000B26878 /* XCRemoteSwiftPackageReference "lottie-ios" */,
				BC036F9526E4B78B0028E590 /* XCRemoteSwiftPackageReference "apollo-ios" */,
				BC96A4E226ECCA3F00F8B8B9 /* XCRemoteSwiftPackageReference "Resolver" */,
				BC96A4F326ED19EE00F8B8B9 /* XCRemoteSwiftPackageReference "CryptoSwift" */,
				BC96A4F626ED1C0700F8B8B9 /* XCRemoteSwiftPackageReference "SwiftKeccak" */,
				BC06C12926F61F0C00A47812 /* XCRemoteSwiftPackageReference "Alamofire" */,
				BCEB911C26FF9E1E00B07936 /* XCRemoteSwiftPackageReference "SDWebImageSwiftUI" */,
			);
			productRefGroup = BC7363CC26C0EF2600C9E753 /* Products */;
			projectDirPath = "";
			projectRoot = "";
			targets = (
				BC7363CA26C0EF2600C9E753 /* Perp */,
			);
		};
/* End PBXProject section */

/* Begin PBXResourcesBuildPhase section */
		BC7363C926C0EF2600C9E753 /* Resources */ = {
			isa = PBXResourcesBuildPhase;
			buildActionMask = 2147483647;
			files = (
				BCCCB2B726E2759C00B26878 /* leverage.json in Resources */,
				BC447FFC26E42A8200F6357A /* Queries.graphql in Resources */,
				BCCCB2B026E2640200B26878 /* .swiftlint.yml in Resources */,
				BC7363D626C0EF2F00C9E753 /* Preview Assets.xcassets in Resources */,
				BC7363D326C0EF2F00C9E753 /* Assets.xcassets in Resources */,
				BC447FF826E429E200F6357A /* schema.json in Resources */,
				BCCCB2B526E2754900B26878 /* stake.json in Resources */,
			);
			runOnlyForDeploymentPostprocessing = 0;
		};
/* End PBXResourcesBuildPhase section */

/* Begin PBXShellScriptBuildPhase section */
		BCCCB2AB26E2639000B26878 /* ShellScript */ = {
			isa = PBXShellScriptBuildPhase;
			buildActionMask = 2147483647;
			files = (
			);
			inputFileListPaths = (
			);
			inputPaths = (
			);
			outputFileListPaths = (
			);
			outputPaths = (
			);
			runOnlyForDeploymentPostprocessing = 0;
			shellPath = /bin/sh;
			shellScript = "# Type a script or drag a script file from your workspace to insert its path.\nif which swiftlint >/dev/null; then\n    swiftlint\nelse\n    echo \"warning: SwiftLint not installed, download from https://github.com/realm/SwiftLint\"\nfi\n";
		};
/* End PBXShellScriptBuildPhase section */

/* Begin PBXSourcesBuildPhase section */
		BC7363C726C0EF2600C9E753 /* Sources */ = {
			isa = PBXSourcesBuildPhase;
			buildActionMask = 2147483647;
			files = (
				BC9AF4EF26C7C777006D8887 /* MarketListItem.swift in Sources */,
				BC7477D526DFD2650028CA71 /* AssetsView.swift in Sources */,
				BCB4F8CA26E16CD5006DB5AD /* OnboardingView.swift in Sources */,
				BC96A4F026ECF14000F8B8B9 /* RewardsView.swift in Sources */,
				BC96A4F226ECF19B00F8B8B9 /* StakingView.swift in Sources */,
				BC96A4DF26ECB41700F8B8B9 /* MarketViewModel.swift in Sources */,
				BC06C12D26F6203200A47812 /* xDaiTokenBalance.swift in Sources */,
				BC7363E426C0FD8F00C9E753 /* LoginView.swift in Sources */,
				BC56E96626E4B63300703C64 /* SetorderView.swift in Sources */,
				BC7363D126C0EF2600C9E753 /* ContentView.swift in Sources */,
				BC447FFF26E42B5200F6357A /* Apollo.swift in Sources */,
				BC9AF4E926C7B95B006D8887 /* MarketView.swift in Sources */,
				BC06C12826F61D7A00A47812 /* AccountViewModel.swift in Sources */,
				BCD07E5126D18E8200781E28 /* PerpApp.swift in Sources */,
				BC2FFE6E26C4166B0001FDD4 /* Tab.swift in Sources */,
				BC2FFE7126C416B10001FDD4 /* LoginViewModel.swift in Sources */,
				BC96A4E126ECC7FC00F8B8B9 /* MarketDataViewModel.swift in Sources */,
				BC96A4EB26ECF01800F8B8B9 /* AccountView.swift in Sources */,
				BC96A4DD26ECAF9F00F8B8B9 /* Market.swift in Sources */,
				BC447FFA26E42A5800F6357A /* MarketRepository.swift in Sources */,
				BC06C12626F61D3500A47812 /* TokenBalance.swift in Sources */,
				BCCCB2B226E26D1500B26878 /* LottieView.swift in Sources */,
				BC1EC81C26E8D05200F28F2D /* AmmInfo.swift in Sources */,
				BCD323F126E1652F00B25C4A /* Globals.swift in Sources */,
			);
			runOnlyForDeploymentPostprocessing = 0;
		};
/* End PBXSourcesBuildPhase section */

/* Begin XCBuildConfiguration section */
		BC7363D826C0EF2F00C9E753 /* Debug */ = {
			isa = XCBuildConfiguration;
			buildSettings = {
				ALWAYS_SEARCH_USER_PATHS = NO;
				CLANG_ANALYZER_NONNULL = YES;
				CLANG_ANALYZER_NUMBER_OBJECT_CONVERSION = YES_AGGRESSIVE;
				CLANG_CXX_LANGUAGE_STANDARD = "gnu++14";
				CLANG_CXX_LIBRARY = "libc++";
				CLANG_ENABLE_MODULES = YES;
				CLANG_ENABLE_OBJC_ARC = YES;
				CLANG_ENABLE_OBJC_WEAK = YES;
				CLANG_WARN_BLOCK_CAPTURE_AUTORELEASING = YES;
				CLANG_WARN_BOOL_CONVERSION = YES;
				CLANG_WARN_COMMA = YES;
				CLANG_WARN_CONSTANT_CONVERSION = YES;
				CLANG_WARN_DEPRECATED_OBJC_IMPLEMENTATIONS = YES;
				CLANG_WARN_DIRECT_OBJC_ISA_USAGE = YES_ERROR;
				CLANG_WARN_DOCUMENTATION_COMMENTS = YES;
				CLANG_WARN_EMPTY_BODY = YES;
				CLANG_WARN_ENUM_CONVERSION = YES;
				CLANG_WARN_INFINITE_RECURSION = YES;
				CLANG_WARN_INT_CONVERSION = YES;
				CLANG_WARN_NON_LITERAL_NULL_CONVERSION = YES;
				CLANG_WARN_OBJC_IMPLICIT_RETAIN_SELF = YES;
				CLANG_WARN_OBJC_LITERAL_CONVERSION = YES;
				CLANG_WARN_OBJC_ROOT_CLASS = YES_ERROR;
				CLANG_WARN_QUOTED_INCLUDE_IN_FRAMEWORK_HEADER = YES;
				CLANG_WARN_RANGE_LOOP_ANALYSIS = YES;
				CLANG_WARN_STRICT_PROTOTYPES = YES;
				CLANG_WARN_SUSPICIOUS_MOVE = YES;
				CLANG_WARN_UNGUARDED_AVAILABILITY = YES_AGGRESSIVE;
				CLANG_WARN_UNREACHABLE_CODE = YES;
				CLANG_WARN__DUPLICATE_METHOD_MATCH = YES;
				COPY_PHASE_STRIP = NO;
				DEAD_CODE_STRIPPING = NO;
				DEBUG_INFORMATION_FORMAT = dwarf;
				ENABLE_STRICT_OBJC_MSGSEND = YES;
				ENABLE_TESTABILITY = YES;
				GCC_C_LANGUAGE_STANDARD = gnu11;
				GCC_DYNAMIC_NO_PIC = NO;
				GCC_NO_COMMON_BLOCKS = YES;
				GCC_OPTIMIZATION_LEVEL = 0;
				GCC_PREPROCESSOR_DEFINITIONS = (
					"DEBUG=1",
					"$(inherited)",
				);
				GCC_WARN_64_TO_32_BIT_CONVERSION = YES;
				GCC_WARN_ABOUT_RETURN_TYPE = YES_ERROR;
				GCC_WARN_UNDECLARED_SELECTOR = YES;
				GCC_WARN_UNINITIALIZED_AUTOS = YES_AGGRESSIVE;
				GCC_WARN_UNUSED_FUNCTION = YES;
				GCC_WARN_UNUSED_VARIABLE = YES;
				IPHONEOS_DEPLOYMENT_TARGET = 14.1;
				MTL_ENABLE_DEBUG_INFO = INCLUDE_SOURCE;
				MTL_FAST_MATH = YES;
				ONLY_ACTIVE_ARCH = YES;
				SDKROOT = iphoneos;
				SWIFT_ACTIVE_COMPILATION_CONDITIONS = DEBUG;
				SWIFT_OPTIMIZATION_LEVEL = "-Onone";
			};
			name = Debug;
		};
		BC7363D926C0EF2F00C9E753 /* Release */ = {
			isa = XCBuildConfiguration;
			buildSettings = {
				ALWAYS_SEARCH_USER_PATHS = NO;
				CLANG_ANALYZER_NONNULL = YES;
				CLANG_ANALYZER_NUMBER_OBJECT_CONVERSION = YES_AGGRESSIVE;
				CLANG_CXX_LANGUAGE_STANDARD = "gnu++14";
				CLANG_CXX_LIBRARY = "libc++";
				CLANG_ENABLE_MODULES = YES;
				CLANG_ENABLE_OBJC_ARC = YES;
				CLANG_ENABLE_OBJC_WEAK = YES;
				CLANG_WARN_BLOCK_CAPTURE_AUTORELEASING = YES;
				CLANG_WARN_BOOL_CONVERSION = YES;
				CLANG_WARN_COMMA = YES;
				CLANG_WARN_CONSTANT_CONVERSION = YES;
				CLANG_WARN_DEPRECATED_OBJC_IMPLEMENTATIONS = YES;
				CLANG_WARN_DIRECT_OBJC_ISA_USAGE = YES_ERROR;
				CLANG_WARN_DOCUMENTATION_COMMENTS = YES;
				CLANG_WARN_EMPTY_BODY = YES;
				CLANG_WARN_ENUM_CONVERSION = YES;
				CLANG_WARN_INFINITE_RECURSION = YES;
				CLANG_WARN_INT_CONVERSION = YES;
				CLANG_WARN_NON_LITERAL_NULL_CONVERSION = YES;
				CLANG_WARN_OBJC_IMPLICIT_RETAIN_SELF = YES;
				CLANG_WARN_OBJC_LITERAL_CONVERSION = YES;
				CLANG_WARN_OBJC_ROOT_CLASS = YES_ERROR;
				CLANG_WARN_QUOTED_INCLUDE_IN_FRAMEWORK_HEADER = YES;
				CLANG_WARN_RANGE_LOOP_ANALYSIS = YES;
				CLANG_WARN_STRICT_PROTOTYPES = YES;
				CLANG_WARN_SUSPICIOUS_MOVE = YES;
				CLANG_WARN_UNGUARDED_AVAILABILITY = YES_AGGRESSIVE;
				CLANG_WARN_UNREACHABLE_CODE = YES;
				CLANG_WARN__DUPLICATE_METHOD_MATCH = YES;
				COPY_PHASE_STRIP = NO;
				DEAD_CODE_STRIPPING = NO;
				DEBUG_INFORMATION_FORMAT = "dwarf-with-dsym";
				ENABLE_NS_ASSERTIONS = NO;
				ENABLE_STRICT_OBJC_MSGSEND = YES;
				GCC_C_LANGUAGE_STANDARD = gnu11;
				GCC_NO_COMMON_BLOCKS = YES;
				GCC_WARN_64_TO_32_BIT_CONVERSION = YES;
				GCC_WARN_ABOUT_RETURN_TYPE = YES_ERROR;
				GCC_WARN_UNDECLARED_SELECTOR = YES;
				GCC_WARN_UNINITIALIZED_AUTOS = YES_AGGRESSIVE;
				GCC_WARN_UNUSED_FUNCTION = YES;
				GCC_WARN_UNUSED_VARIABLE = YES;
				IPHONEOS_DEPLOYMENT_TARGET = 14.1;
				MTL_ENABLE_DEBUG_INFO = NO;
				MTL_FAST_MATH = YES;
				SDKROOT = iphoneos;
				SWIFT_COMPILATION_MODE = wholemodule;
				SWIFT_OPTIMIZATION_LEVEL = "-O";
				VALIDATE_PRODUCT = YES;
			};
			name = Release;
		};
		BC7363DB26C0EF2F00C9E753 /* Debug */ = {
			isa = XCBuildConfiguration;
			buildSettings = {
				ASSETCATALOG_COMPILER_APPICON_NAME = AppIcon;
				ASSETCATALOG_COMPILER_GLOBAL_ACCENT_COLOR_NAME = AccentColor;
				CODE_SIGN_STYLE = Automatic;
				CURRENT_PROJECT_VERSION = 2;
				DEVELOPMENT_ASSET_PATHS = "\"Perp/Preview Content\"";
				DEVELOPMENT_TEAM = FYS9RNAGTV;
				ENABLE_PREVIEWS = YES;
				INFOPLIST_FILE = Perp/Info.plist;
				IPHONEOS_DEPLOYMENT_TARGET = 14.0;
				LD_RUNPATH_SEARCH_PATHS = (
					"$(inherited)",
					"@executable_path/Frameworks",
				);
				MARKETING_VERSION = 1.0.0;
				PRODUCT_BUNDLE_IDENTIFIER = com.beauth.perpetual;
				PRODUCT_NAME = "$(TARGET_NAME)";
				SWIFT_VERSION = 5.0;
				TARGETED_DEVICE_FAMILY = 1;
			};
			name = Debug;
		};
		BC7363DC26C0EF2F00C9E753 /* Release */ = {
			isa = XCBuildConfiguration;
			buildSettings = {
				ASSETCATALOG_COMPILER_APPICON_NAME = AppIcon;
				ASSETCATALOG_COMPILER_GLOBAL_ACCENT_COLOR_NAME = AccentColor;
				CODE_SIGN_STYLE = Automatic;
				CURRENT_PROJECT_VERSION = 2;
				DEVELOPMENT_ASSET_PATHS = "\"Perp/Preview Content\"";
				DEVELOPMENT_TEAM = FYS9RNAGTV;
				ENABLE_PREVIEWS = YES;
				INFOPLIST_FILE = Perp/Info.plist;
				IPHONEOS_DEPLOYMENT_TARGET = 14.0;
				LD_RUNPATH_SEARCH_PATHS = (
					"$(inherited)",
					"@executable_path/Frameworks",
				);
				MARKETING_VERSION = 1.0.0;
				PRODUCT_BUNDLE_IDENTIFIER = com.beauth.perpetual;
				PRODUCT_NAME = "$(TARGET_NAME)";
				SWIFT_VERSION = 5.0;
				TARGETED_DEVICE_FAMILY = 1;
			};
			name = Release;
		};
/* End XCBuildConfiguration section */

/* Begin XCConfigurationList section */
		BC7363C626C0EF2600C9E753 /* Build configuration list for PBXProject "Perp" */ = {
			isa = XCConfigurationList;
			buildConfigurations = (
				BC7363D826C0EF2F00C9E753 /* Debug */,
				BC7363D926C0EF2F00C9E753 /* Release */,
			);
			defaultConfigurationIsVisible = 0;
			defaultConfigurationName = Release;
		};
		BC7363DA26C0EF2F00C9E753 /* Build configuration list for PBXNativeTarget "Perp" */ = {
			isa = XCConfigurationList;
			buildConfigurations = (
				BC7363DB26C0EF2F00C9E753 /* Debug */,
				BC7363DC26C0EF2F00C9E753 /* Release */,
			);
			defaultConfigurationIsVisible = 0;
			defaultConfigurationName = Release;
		};
/* End XCConfigurationList section */

/* Begin XCRemoteSwiftPackageReference section */
		BC036F9526E4B78B0028E590 /* XCRemoteSwiftPackageReference "apollo-ios" */ = {
			isa = XCRemoteSwiftPackageReference;
			repositoryURL = "https://github.com/apollographql/apollo-ios.git";
			requirement = {
				kind = upToNextMajorVersion;
				minimumVersion = 0.48.0;
			};
		};
		BC06C12926F61F0C00A47812 /* XCRemoteSwiftPackageReference "Alamofire" */ = {
			isa = XCRemoteSwiftPackageReference;
			repositoryURL = "https://github.com/Alamofire/Alamofire.git";
			requirement = {
				kind = upToNextMajorVersion;
				minimumVersion = 5.4.3;
			};
		};
		BC96A4E226ECCA3F00F8B8B9 /* XCRemoteSwiftPackageReference "Resolver" */ = {
			isa = XCRemoteSwiftPackageReference;
			repositoryURL = "https://github.com/hmlongco/Resolver.git";
			requirement = {
				kind = upToNextMajorVersion;
				minimumVersion = 1.4.4;
			};
		};
		BC96A4F326ED19EE00F8B8B9 /* XCRemoteSwiftPackageReference "CryptoSwift" */ = {
			isa = XCRemoteSwiftPackageReference;
			repositoryURL = "https://github.com/krzyzanowskim/CryptoSwift.git";
			requirement = {
				kind = upToNextMajorVersion;
				minimumVersion = 1.4.1;
			};
		};
		BC96A4F626ED1C0700F8B8B9 /* XCRemoteSwiftPackageReference "SwiftKeccak" */ = {
			isa = XCRemoteSwiftPackageReference;
			repositoryURL = "https://github.com/bitflying/SwiftKeccak.git";
			requirement = {
				kind = upToNextMajorVersion;
				minimumVersion = 0.1.2;
			};
		};
		BCCCB2A826E2628000B26878 /* XCRemoteSwiftPackageReference "lottie-ios" */ = {
			isa = XCRemoteSwiftPackageReference;
			repositoryURL = "https://github.com/airbnb/lottie-ios.git";
			requirement = {
				kind = upToNextMajorVersion;
				minimumVersion = 3.2.3;
			};
		};
		BCD07E3A26D14E3500781E28 /* XCRemoteSwiftPackageReference "torus-direct-swift-sdk" */ = {
			isa = XCRemoteSwiftPackageReference;
			repositoryURL = "https://github.com/torusresearch/torus-direct-swift-sdk";
			requirement = {
				kind = upToNextMajorVersion;
				minimumVersion = 0.3.1;
			};
		};
		BCEB911C26FF9E1E00B07936 /* XCRemoteSwiftPackageReference "SDWebImageSwiftUI" */ = {
			isa = XCRemoteSwiftPackageReference;
			repositoryURL = "https://github.com/SDWebImage/SDWebImageSwiftUI.git";
			requirement = {
				kind = upToNextMajorVersion;
				minimumVersion = 2.0.2;
			};
		};
/* End XCRemoteSwiftPackageReference section */

/* Begin XCSwiftPackageProductDependency section */
		BC036F9626E4B78B0028E590 /* ApolloWebSocket */ = {
			isa = XCSwiftPackageProductDependency;
			package = BC036F9526E4B78B0028E590 /* XCRemoteSwiftPackageReference "apollo-ios" */;
			productName = ApolloWebSocket;
		};
		BC036F9826E4B78B0028E590 /* Apollo */ = {
			isa = XCSwiftPackageProductDependency;
			package = BC036F9526E4B78B0028E590 /* XCRemoteSwiftPackageReference "apollo-ios" */;
			productName = Apollo;
		};
		BC036F9A26E4B78B0028E590 /* ApolloUtils */ = {
			isa = XCSwiftPackageProductDependency;
			package = BC036F9526E4B78B0028E590 /* XCRemoteSwiftPackageReference "apollo-ios" */;
			productName = ApolloUtils;
		};
		BC036F9C26E4B78B0028E590 /* ApolloAPI */ = {
			isa = XCSwiftPackageProductDependency;
			package = BC036F9526E4B78B0028E590 /* XCRemoteSwiftPackageReference "apollo-ios" */;
			productName = ApolloAPI;
		};
		BC06C12A26F61F0C00A47812 /* Alamofire */ = {
			isa = XCSwiftPackageProductDependency;
			package = BC06C12926F61F0C00A47812 /* XCRemoteSwiftPackageReference "Alamofire" */;
			productName = Alamofire;
		};
		BC96A4E626ECCA4000F8B8B9 /* Resolver */ = {
			isa = XCSwiftPackageProductDependency;
			package = BC96A4E226ECCA3F00F8B8B9 /* XCRemoteSwiftPackageReference "Resolver" */;
			productName = Resolver;
		};
		BC96A4E826ECCA4000F8B8B9 /* Resolver-Static */ = {
			isa = XCSwiftPackageProductDependency;
			package = BC96A4E226ECCA3F00F8B8B9 /* XCRemoteSwiftPackageReference "Resolver" */;
			productName = "Resolver-Static";
		};
		BC96A4F426ED19EE00F8B8B9 /* CryptoSwift */ = {
			isa = XCSwiftPackageProductDependency;
			package = BC96A4F326ED19EE00F8B8B9 /* XCRemoteSwiftPackageReference "CryptoSwift" */;
			productName = CryptoSwift;
		};
		BC96A4F726ED1C0700F8B8B9 /* SwiftKeccak */ = {
			isa = XCSwiftPackageProductDependency;
			package = BC96A4F626ED1C0700F8B8B9 /* XCRemoteSwiftPackageReference "SwiftKeccak" */;
			productName = SwiftKeccak;
		};
		BCCCB2A926E2628000B26878 /* Lottie */ = {
			isa = XCSwiftPackageProductDependency;
			package = BCCCB2A826E2628000B26878 /* XCRemoteSwiftPackageReference "lottie-ios" */;
			productName = Lottie;
		};
		BCD07E3B26D14E3500781E28 /* TorusSwiftDirectSDK */ = {
			isa = XCSwiftPackageProductDependency;
			package = BCD07E3A26D14E3500781E28 /* XCRemoteSwiftPackageReference "torus-direct-swift-sdk" */;
			productName = TorusSwiftDirectSDK;
		};
		BCEB911D26FF9E1E00B07936 /* SDWebImageSwiftUI */ = {
			isa = XCSwiftPackageProductDependency;
			package = BCEB911C26FF9E1E00B07936 /* XCRemoteSwiftPackageReference "SDWebImageSwiftUI" */;
			productName = SDWebImageSwiftUI;
		};
/* End XCSwiftPackageProductDependency section */
	};
	rootObject = BC7363C326C0EF2600C9E753 /* Project object */;
}
