// !$*UTF8*$!
{
	archiveVersion = 1;
	classes = {
	};
	objectVersion = 52;
	objects = {

/* Begin PBXBuildFile section */
		B124335027FE013F00E21B90 /* Date.swift in Sources */ = {isa = PBXBuildFile; fileRef = B124334627FE013F00E21B90 /* Date.swift */; };
		B124335127FE013F00E21B90 /* PreviewProvider.swift in Sources */ = {isa = PBXBuildFile; fileRef = B124334727FE013F00E21B90 /* PreviewProvider.swift */; };
		B124335227FE013F00E21B90 /* Double.swift in Sources */ = {isa = PBXBuildFile; fileRef = B124334827FE013F00E21B90 /* Double.swift */; };
		B124335327FE013F00E21B90 /* UIApplication.swift in Sources */ = {isa = PBXBuildFile; fileRef = B124334927FE013F00E21B90 /* UIApplication.swift */; };
		B124335427FE013F00E21B90 /* Color.swift in Sources */ = {isa = PBXBuildFile; fileRef = B124334A27FE013F00E21B90 /* Color.swift */; };
		B124336427FE016700E21B90 /* LottieView.swift in Sources */ = {isa = PBXBuildFile; fileRef = B124335D27FE016700E21B90 /* LottieView.swift */; };
		B124336527FE016700E21B90 /* LoginView.swift in Sources */ = {isa = PBXBuildFile; fileRef = B124336027FE016700E21B90 /* LoginView.swift */; };
		B124336627FE016700E21B90 /* OnboardingView.swift in Sources */ = {isa = PBXBuildFile; fileRef = B124336227FE016700E21B90 /* OnboardingView.swift */; };
		B124336A27FE049000E21B90 /* Session.swift in Sources */ = {isa = PBXBuildFile; fileRef = B124336927FE049000E21B90 /* Session.swift */; };
		B124A3B32808B570003DFA1B /* ListCandleSticks.graphql in Resources */ = {isa = PBXBuildFile; fileRef = B124A3B22808B570003DFA1B /* ListCandleSticks.graphql */; };
		B127235E27F9FCC000EB35BE /* LightweightCharts in Frameworks */ = {isa = PBXBuildFile; productRef = B127235D27F9FCC000EB35BE /* LightweightCharts */; };
		B143E2042801E3B000FBE040 /* schemaStats.json in Resources */ = {isa = PBXBuildFile; fileRef = B143E2032801E3B000FBE040 /* schemaStats.json */; };
		B143E2082801E54200FBE040 /* GetStatistics.graphql in Resources */ = {isa = PBXBuildFile; fileRef = B143E2072801E54200FBE040 /* GetStatistics.graphql */; };
		B143E20C2801E90400FBE040 /* Network.swift in Sources */ = {isa = PBXBuildFile; fileRef = B143E20B2801E90400FBE040 /* Network.swift */; };
		B143E20E28021B4400FBE040 /* MarketView.swift in Sources */ = {isa = PBXBuildFile; fileRef = B143E20D28021B4400FBE040 /* MarketView.swift */; };
		B143E33B27F7C71B0018114E /* Endpoints.swift in Sources */ = {isa = PBXBuildFile; fileRef = B143E33A27F7C71B0018114E /* Endpoints.swift */; };
		B143E34427F7E3330018114E /* SDWebImageSVGCoder in Frameworks */ = {isa = PBXBuildFile; productRef = B143E34327F7E3330018114E /* SDWebImageSVGCoder */; };
		B143E35127F7F6700018114E /* Web3Auth in Frameworks */ = {isa = PBXBuildFile; productRef = B143E35027F7F6700018114E /* Web3Auth */; };
		B143E35427F7F6B70018114E /* web3swift in Frameworks */ = {isa = PBXBuildFile; productRef = B143E35327F7F6B70018114E /* web3swift */; };
		B14EBB1627F240810091621E /* Web3Auth.plist in Resources */ = {isa = PBXBuildFile; fileRef = B14EBB1527F240810091621E /* Web3Auth.plist */; };
		B16618012804B4F800EA9C37 /* schema.json in Resources */ = {isa = PBXBuildFile; fileRef = B16618002804B4F800EA9C37 /* schema.json */; };
		B16618092804B87B00EA9C37 /* GetTrader.graphql in Resources */ = {isa = PBXBuildFile; fileRef = B16618082804B87B00EA9C37 /* GetTrader.graphql */; };
		B16618102804C28100EA9C37 /* ChartView.swift in Sources */ = {isa = PBXBuildFile; fileRef = B166180F2804C28100EA9C37 /* ChartView.swift */; };
		B16A4F3A27FE6340001F6798 /* PerpMetadataAPIModel.swift in Sources */ = {isa = PBXBuildFile; fileRef = B16A4F3927FE6340001F6798 /* PerpMetadataAPIModel.swift */; };
		B16A4F3D27FE661A001F6798 /* Market.swift in Sources */ = {isa = PBXBuildFile; fileRef = B16A4F3C27FE661A001F6798 /* Market.swift */; };
		B16A4F3F27FE6A9E001F6798 /* MarketsViewModel.swift in Sources */ = {isa = PBXBuildFile; fileRef = B16A4F3E27FE6A9E001F6798 /* MarketsViewModel.swift */; };
		B16A4F4127FE7018001F6798 /* PerpMetadataService.swift in Sources */ = {isa = PBXBuildFile; fileRef = B16A4F4027FE7018001F6798 /* PerpMetadataService.swift */; };
		B16A4F4327FE76AE001F6798 /* NetworkingManager.swift in Sources */ = {isa = PBXBuildFile; fileRef = B16A4F4227FE76AE001F6798 /* NetworkingManager.swift */; };
		B16D941A2800BE35003FF2B0 /* MarketDataService.swift in Sources */ = {isa = PBXBuildFile; fileRef = B16D94192800BE35003FF2B0 /* MarketDataService.swift */; };
		B16D941C2800C3E7003FF2B0 /* Web3Manager.swift in Sources */ = {isa = PBXBuildFile; fileRef = B16D941B2800C3E7003FF2B0 /* Web3Manager.swift */; };
		B16D941E2800CCF7003FF2B0 /* ABI.swift in Sources */ = {isa = PBXBuildFile; fileRef = B16D941D2800CCF7003FF2B0 /* ABI.swift */; };
		B16D9420280101D6003FF2B0 /* MarketRowViewModel.swift in Sources */ = {isa = PBXBuildFile; fileRef = B16D941F280101D6003FF2B0 /* MarketRowViewModel.swift */; };
		B179C471280F203B000D605F /* AccountView.swift in Sources */ = {isa = PBXBuildFile; fileRef = B179C470280F203B000D605F /* AccountView.swift */; };
		B179C473280F20EB000D605F /* PrivateKeyView.swift in Sources */ = {isa = PBXBuildFile; fileRef = B179C472280F20EB000D605F /* PrivateKeyView.swift */; };
		B179C475280F2922000D605F /* AccountViewModel.swift in Sources */ = {isa = PBXBuildFile; fileRef = B179C474280F2922000D605F /* AccountViewModel.swift */; };
		B179C477280F30A4000D605F /* AccountDataService.swift in Sources */ = {isa = PBXBuildFile; fileRef = B179C476280F30A4000D605F /* AccountDataService.swift */; };
		B19203152809CD1200582020 /* MarketStatistics.swift in Sources */ = {isa = PBXBuildFile; fileRef = B19203142809CD1200582020 /* MarketStatistics.swift */; };
		B19203172809D14E00582020 /* Position.swift in Sources */ = {isa = PBXBuildFile; fileRef = B19203162809D14E00582020 /* Position.swift */; };
		B19203192809DB3300582020 /* GetPosition.graphql in Resources */ = {isa = PBXBuildFile; fileRef = B19203182809DB3300582020 /* GetPosition.graphql */; };
		B192031D2809DCAC00582020 /* APIStats.swift in Sources */ = {isa = PBXBuildFile; fileRef = B192031C2809DCAB00582020 /* APIStats.swift */; };
		B19203272809ED0200582020 /* GetFundingUpdate.graphql in Resources */ = {isa = PBXBuildFile; fileRef = B19203262809ED0200582020 /* GetFundingUpdate.graphql */; };
		B19203292809EF4200582020 /* APICurie.swift in Sources */ = {isa = PBXBuildFile; fileRef = B19203282809EF4200582020 /* APICurie.swift */; };
		B192E6BD281090E500530984 /* ClosePositionView.swift in Sources */ = {isa = PBXBuildFile; fileRef = B192E6BC281090E500530984 /* ClosePositionView.swift */; };
		B192E6C12810960200530984 /* ClosePositionViewModel.swift in Sources */ = {isa = PBXBuildFile; fileRef = B192E6C02810960200530984 /* ClosePositionViewModel.swift */; };
		B1AD305E27FA2D73000CFB35 /* Apollo in Frameworks */ = {isa = PBXBuildFile; productRef = B1AD305D27FA2D73000CFB35 /* Apollo */; };
		B1AD306027FA2D73000CFB35 /* ApolloUtils in Frameworks */ = {isa = PBXBuildFile; productRef = B1AD305F27FA2D73000CFB35 /* ApolloUtils */; };
		B1AD306227FA2D73000CFB35 /* ApolloWebSocket in Frameworks */ = {isa = PBXBuildFile; productRef = B1AD306127FA2D73000CFB35 /* ApolloWebSocket */; };
		B1B3970027FE07A10079A4AE /* Web3AuthModels.swift in Sources */ = {isa = PBXBuildFile; fileRef = B1B396FF27FE07A10079A4AE /* Web3AuthModels.swift */; };
		B1B3970427FE08D30079A4AE /* MarketsView.swift in Sources */ = {isa = PBXBuildFile; fileRef = B1B3970327FE08D30079A4AE /* MarketsView.swift */; };
		B1B3970627FE0E600079A4AE /* MarketRowView.swift in Sources */ = {isa = PBXBuildFile; fileRef = B1B3970527FE0E600079A4AE /* MarketRowView.swift */; };
		B1CD86C928034A1800A15765 /* MarketViewModel.swift in Sources */ = {isa = PBXBuildFile; fileRef = B1CD86C828034A1800A15765 /* MarketViewModel.swift */; };
		B1CD86CD2803740700A15765 /* Globals.swift in Sources */ = {isa = PBXBuildFile; fileRef = B1CD86CC2803740700A15765 /* Globals.swift */; };
		B1CD86CF28037D0D00A15765 /* String.swift in Sources */ = {isa = PBXBuildFile; fileRef = B1CD86CE28037D0D00A15765 /* String.swift */; };
		B1CD86D128038E8D00A15765 /* OrderButton.swift in Sources */ = {isa = PBXBuildFile; fileRef = B1CD86D028038E8D00A15765 /* OrderButton.swift */; };
		BC0A9CD02754FC930000B7C0 /* Lottie in Frameworks */ = {isa = PBXBuildFile; productRef = BC0A9CCF2754FC930000B7C0 /* Lottie */; };
		BC0A9CD3275500140000B7C0 /* SDWebImageSwiftUI in Frameworks */ = {isa = PBXBuildFile; productRef = BC0A9CD2275500140000B7C0 /* SDWebImageSwiftUI */; };
		BC7363D126C0EF2600C9E753 /* ContentView.swift in Sources */ = {isa = PBXBuildFile; fileRef = BC7363D026C0EF2600C9E753 /* ContentView.swift */; };
		BC7363D326C0EF2F00C9E753 /* Assets.xcassets in Resources */ = {isa = PBXBuildFile; fileRef = BC7363D226C0EF2F00C9E753 /* Assets.xcassets */; };
		BC7363D626C0EF2F00C9E753 /* Preview Assets.xcassets in Resources */ = {isa = PBXBuildFile; fileRef = BC7363D526C0EF2F00C9E753 /* Preview Assets.xcassets */; };
		BCCCB2B026E2640200B26878 /* .swiftlint.yml in Resources */ = {isa = PBXBuildFile; fileRef = BCCCB2AF26E2640200B26878 /* .swiftlint.yml */; };
		BCD07E5126D18E8200781E28 /* PerpApp.swift in Sources */ = {isa = PBXBuildFile; fileRef = BCD07E5026D18E8200781E28 /* PerpApp.swift */; };
/* End PBXBuildFile section */

/* Begin PBXCopyFilesBuildPhase section */
		BC447FF626E427A900F6357A /* Embed Frameworks */ = {
			isa = PBXCopyFilesBuildPhase;
			buildActionMask = 2147483647;
			dstPath = "";
			dstSubfolderSpec = 10;
			files = (
			);
			name = "Embed Frameworks";
			runOnlyForDeploymentPostprocessing = 0;
		};
/* End PBXCopyFilesBuildPhase section */

/* Begin PBXFileReference section */
		B124334627FE013F00E21B90 /* Date.swift */ = {isa = PBXFileReference; fileEncoding = 4; lastKnownFileType = sourcecode.swift; path = Date.swift; sourceTree = "<group>"; };
		B124334727FE013F00E21B90 /* PreviewProvider.swift */ = {isa = PBXFileReference; fileEncoding = 4; lastKnownFileType = sourcecode.swift; path = PreviewProvider.swift; sourceTree = "<group>"; };
		B124334827FE013F00E21B90 /* Double.swift */ = {isa = PBXFileReference; fileEncoding = 4; lastKnownFileType = sourcecode.swift; path = Double.swift; sourceTree = "<group>"; };
		B124334927FE013F00E21B90 /* UIApplication.swift */ = {isa = PBXFileReference; fileEncoding = 4; lastKnownFileType = sourcecode.swift; path = UIApplication.swift; sourceTree = "<group>"; };
		B124334A27FE013F00E21B90 /* Color.swift */ = {isa = PBXFileReference; fileEncoding = 4; lastKnownFileType = sourcecode.swift; path = Color.swift; sourceTree = "<group>"; };
		B124335D27FE016700E21B90 /* LottieView.swift */ = {isa = PBXFileReference; fileEncoding = 4; lastKnownFileType = sourcecode.swift; path = LottieView.swift; sourceTree = "<group>"; };
		B124336027FE016700E21B90 /* LoginView.swift */ = {isa = PBXFileReference; fileEncoding = 4; lastKnownFileType = sourcecode.swift; path = LoginView.swift; sourceTree = "<group>"; };
		B124336227FE016700E21B90 /* OnboardingView.swift */ = {isa = PBXFileReference; fileEncoding = 4; lastKnownFileType = sourcecode.swift; path = OnboardingView.swift; sourceTree = "<group>"; };
		B124336927FE049000E21B90 /* Session.swift */ = {isa = PBXFileReference; fileEncoding = 4; lastKnownFileType = sourcecode.swift; path = Session.swift; sourceTree = "<group>"; };
		B124A3B22808B570003DFA1B /* ListCandleSticks.graphql */ = {isa = PBXFileReference; lastKnownFileType = text; path = ListCandleSticks.graphql; sourceTree = "<group>"; };
		B143E2032801E3B000FBE040 /* schemaStats.json */ = {isa = PBXFileReference; fileEncoding = 4; lastKnownFileType = text.json; path = schemaStats.json; sourceTree = "<group>"; };
		B143E2072801E54200FBE040 /* GetStatistics.graphql */ = {isa = PBXFileReference; lastKnownFileType = text; path = GetStatistics.graphql; sourceTree = "<group>"; };
		B143E20B2801E90400FBE040 /* Network.swift */ = {isa = PBXFileReference; lastKnownFileType = sourcecode.swift; path = Network.swift; sourceTree = "<group>"; };
		B143E20D28021B4400FBE040 /* MarketView.swift */ = {isa = PBXFileReference; lastKnownFileType = sourcecode.swift; path = MarketView.swift; sourceTree = "<group>"; };
		B143E33A27F7C71B0018114E /* Endpoints.swift */ = {isa = PBXFileReference; lastKnownFileType = sourcecode.swift; path = Endpoints.swift; sourceTree = "<group>"; };
		B14EBB1527F240810091621E /* Web3Auth.plist */ = {isa = PBXFileReference; lastKnownFileType = text.plist.xml; path = Web3Auth.plist; sourceTree = "<group>"; };
		B16618002804B4F800EA9C37 /* schema.json */ = {isa = PBXFileReference; fileEncoding = 4; lastKnownFileType = text.json; name = schema.json; path = Perp/schema.json; sourceTree = SOURCE_ROOT; };
		B16618082804B87B00EA9C37 /* GetTrader.graphql */ = {isa = PBXFileReference; lastKnownFileType = text; path = GetTrader.graphql; sourceTree = "<group>"; };
		B166180F2804C28100EA9C37 /* ChartView.swift */ = {isa = PBXFileReference; lastKnownFileType = sourcecode.swift; path = ChartView.swift; sourceTree = "<group>"; };
		B16A4F3927FE6340001F6798 /* PerpMetadataAPIModel.swift */ = {isa = PBXFileReference; lastKnownFileType = sourcecode.swift; path = PerpMetadataAPIModel.swift; sourceTree = "<group>"; };
		B16A4F3C27FE661A001F6798 /* Market.swift */ = {isa = PBXFileReference; lastKnownFileType = sourcecode.swift; path = Market.swift; sourceTree = "<group>"; };
		B16A4F3E27FE6A9E001F6798 /* MarketsViewModel.swift */ = {isa = PBXFileReference; lastKnownFileType = sourcecode.swift; path = MarketsViewModel.swift; sourceTree = "<group>"; };
		B16A4F4027FE7018001F6798 /* PerpMetadataService.swift */ = {isa = PBXFileReference; lastKnownFileType = sourcecode.swift; path = PerpMetadataService.swift; sourceTree = "<group>"; };
		B16A4F4227FE76AE001F6798 /* NetworkingManager.swift */ = {isa = PBXFileReference; lastKnownFileType = sourcecode.swift; path = NetworkingManager.swift; sourceTree = "<group>"; };
		B16D94192800BE35003FF2B0 /* MarketDataService.swift */ = {isa = PBXFileReference; lastKnownFileType = sourcecode.swift; path = MarketDataService.swift; sourceTree = "<group>"; };
		B16D941B2800C3E7003FF2B0 /* Web3Manager.swift */ = {isa = PBXFileReference; lastKnownFileType = sourcecode.swift; path = Web3Manager.swift; sourceTree = "<group>"; };
		B16D941D2800CCF7003FF2B0 /* ABI.swift */ = {isa = PBXFileReference; lastKnownFileType = sourcecode.swift; path = ABI.swift; sourceTree = "<group>"; };
		B16D941F280101D6003FF2B0 /* MarketRowViewModel.swift */ = {isa = PBXFileReference; lastKnownFileType = sourcecode.swift; path = MarketRowViewModel.swift; sourceTree = "<group>"; };
		B179C470280F203B000D605F /* AccountView.swift */ = {isa = PBXFileReference; lastKnownFileType = sourcecode.swift; path = AccountView.swift; sourceTree = "<group>"; };
		B179C472280F20EB000D605F /* PrivateKeyView.swift */ = {isa = PBXFileReference; lastKnownFileType = sourcecode.swift; path = PrivateKeyView.swift; sourceTree = "<group>"; };
		B179C474280F2922000D605F /* AccountViewModel.swift */ = {isa = PBXFileReference; lastKnownFileType = sourcecode.swift; path = AccountViewModel.swift; sourceTree = "<group>"; };
		B179C476280F30A4000D605F /* AccountDataService.swift */ = {isa = PBXFileReference; lastKnownFileType = sourcecode.swift; path = AccountDataService.swift; sourceTree = "<group>"; };
		B19203142809CD1200582020 /* MarketStatistics.swift */ = {isa = PBXFileReference; lastKnownFileType = sourcecode.swift; path = MarketStatistics.swift; sourceTree = "<group>"; };
		B19203162809D14E00582020 /* Position.swift */ = {isa = PBXFileReference; lastKnownFileType = sourcecode.swift; path = Position.swift; sourceTree = "<group>"; };
		B19203182809DB3300582020 /* GetPosition.graphql */ = {isa = PBXFileReference; lastKnownFileType = text; path = GetPosition.graphql; sourceTree = "<group>"; };
		B192031C2809DCAB00582020 /* APIStats.swift */ = {isa = PBXFileReference; fileEncoding = 4; lastKnownFileType = sourcecode.swift; path = APIStats.swift; sourceTree = "<group>"; };
		B19203262809ED0200582020 /* GetFundingUpdate.graphql */ = {isa = PBXFileReference; lastKnownFileType = text; path = GetFundingUpdate.graphql; sourceTree = "<group>"; };
		B19203282809EF4200582020 /* APICurie.swift */ = {isa = PBXFileReference; fileEncoding = 4; lastKnownFileType = sourcecode.swift; name = APICurie.swift; path = Perp/APICurie.swift; sourceTree = SOURCE_ROOT; };
		B192E6BC281090E500530984 /* ClosePositionView.swift */ = {isa = PBXFileReference; lastKnownFileType = sourcecode.swift; path = ClosePositionView.swift; sourceTree = "<group>"; };
		B192E6C02810960200530984 /* ClosePositionViewModel.swift */ = {isa = PBXFileReference; lastKnownFileType = sourcecode.swift; path = ClosePositionViewModel.swift; sourceTree = "<group>"; };
		B1B396FF27FE07A10079A4AE /* Web3AuthModels.swift */ = {isa = PBXFileReference; lastKnownFileType = sourcecode.swift; path = Web3AuthModels.swift; sourceTree = "<group>"; };
		B1B3970327FE08D30079A4AE /* MarketsView.swift */ = {isa = PBXFileReference; lastKnownFileType = sourcecode.swift; path = MarketsView.swift; sourceTree = "<group>"; };
		B1B3970527FE0E600079A4AE /* MarketRowView.swift */ = {isa = PBXFileReference; lastKnownFileType = sourcecode.swift; path = MarketRowView.swift; sourceTree = "<group>"; };
		B1CD86C828034A1800A15765 /* MarketViewModel.swift */ = {isa = PBXFileReference; lastKnownFileType = sourcecode.swift; path = MarketViewModel.swift; sourceTree = "<group>"; };
		B1CD86CC2803740700A15765 /* Globals.swift */ = {isa = PBXFileReference; lastKnownFileType = sourcecode.swift; path = Globals.swift; sourceTree = "<group>"; };
		B1CD86CE28037D0D00A15765 /* String.swift */ = {isa = PBXFileReference; fileEncoding = 4; lastKnownFileType = sourcecode.swift; path = String.swift; sourceTree = "<group>"; };
		B1CD86D028038E8D00A15765 /* OrderButton.swift */ = {isa = PBXFileReference; lastKnownFileType = sourcecode.swift; path = OrderButton.swift; sourceTree = "<group>"; };
		BC7363CB26C0EF2600C9E753 /* Perp.app */ = {isa = PBXFileReference; explicitFileType = wrapper.application; includeInIndex = 0; path = Perp.app; sourceTree = BUILT_PRODUCTS_DIR; };
		BC7363D026C0EF2600C9E753 /* ContentView.swift */ = {isa = PBXFileReference; lastKnownFileType = sourcecode.swift; path = ContentView.swift; sourceTree = "<group>"; };
		BC7363D226C0EF2F00C9E753 /* Assets.xcassets */ = {isa = PBXFileReference; lastKnownFileType = folder.assetcatalog; path = Assets.xcassets; sourceTree = "<group>"; };
		BC7363D526C0EF2F00C9E753 /* Preview Assets.xcassets */ = {isa = PBXFileReference; lastKnownFileType = folder.assetcatalog; path = "Preview Assets.xcassets"; sourceTree = "<group>"; };
		BC7363D726C0EF2F00C9E753 /* Info.plist */ = {isa = PBXFileReference; lastKnownFileType = text.plist.xml; path = Info.plist; sourceTree = "<group>"; };
		BCCCB2AF26E2640200B26878 /* .swiftlint.yml */ = {isa = PBXFileReference; lastKnownFileType = text.yaml; path = .swiftlint.yml; sourceTree = "<group>"; };
		BCD07E5026D18E8200781E28 /* PerpApp.swift */ = {isa = PBXFileReference; lastKnownFileType = sourcecode.swift; path = PerpApp.swift; sourceTree = "<group>"; };
/* End PBXFileReference section */

/* Begin PBXFrameworksBuildPhase section */
		BC7363C826C0EF2600C9E753 /* Frameworks */ = {
			isa = PBXFrameworksBuildPhase;
			buildActionMask = 2147483647;
			files = (
				B1AD306227FA2D73000CFB35 /* ApolloWebSocket in Frameworks */,
				B1AD306027FA2D73000CFB35 /* ApolloUtils in Frameworks */,
				B143E35427F7F6B70018114E /* web3swift in Frameworks */,
				B143E35127F7F6700018114E /* Web3Auth in Frameworks */,
				BC0A9CD3275500140000B7C0 /* SDWebImageSwiftUI in Frameworks */,
				B1AD305E27FA2D73000CFB35 /* Apollo in Frameworks */,
				B143E34427F7E3330018114E /* SDWebImageSVGCoder in Frameworks */,
				B127235E27F9FCC000EB35BE /* LightweightCharts in Frameworks */,
				BC0A9CD02754FC930000B7C0 /* Lottie in Frameworks */,
			);
			runOnlyForDeploymentPostprocessing = 0;
		};
/* End PBXFrameworksBuildPhase section */

/* Begin PBXGroup section */
		B124334427FE013F00E21B90 /* Models */ = {
			isa = PBXGroup;
			children = (
				B16A4F3827FE6324001F6798 /* APIModels */,
				B1B396FF27FE07A10079A4AE /* Web3AuthModels.swift */,
				B16A4F3C27FE661A001F6798 /* Market.swift */,
				B19203162809D14E00582020 /* Position.swift */,
				B19203142809CD1200582020 /* MarketStatistics.swift */,
			);
			path = Models;
			sourceTree = "<group>";
		};
		B124334527FE013F00E21B90 /* Extensions */ = {
			isa = PBXGroup;
			children = (
				B124334627FE013F00E21B90 /* Date.swift */,
				B124334727FE013F00E21B90 /* PreviewProvider.swift */,
				B124334827FE013F00E21B90 /* Double.swift */,
				B1CD86CE28037D0D00A15765 /* String.swift */,
				B124334927FE013F00E21B90 /* UIApplication.swift */,
				B124334A27FE013F00E21B90 /* Color.swift */,
			);
			path = Extensions;
			sourceTree = "<group>";
		};
		B124334B27FE013F00E21B90 /* Utilities */ = {
			isa = PBXGroup;
			children = (
				B16D941B2800C3E7003FF2B0 /* Web3Manager.swift */,
				B16A4F4227FE76AE001F6798 /* NetworkingManager.swift */,
				B16D941D2800CCF7003FF2B0 /* ABI.swift */,
				B143E20B2801E90400FBE040 /* Network.swift */,
				B1CD86CC2803740700A15765 /* Globals.swift */,
			);
			path = Utilities;
			sourceTree = "<group>";
		};
		B124334F27FE013F00E21B90 /* Services */ = {
			isa = PBXGroup;
			children = (
				B16A4F4027FE7018001F6798 /* PerpMetadataService.swift */,
				B16D94192800BE35003FF2B0 /* MarketDataService.swift */,
				B179C476280F30A4000D605F /* AccountDataService.swift */,
			);
			path = Services;
			sourceTree = "<group>";
		};
		B124335827FE015300E21B90 /* Core */ = {
			isa = PBXGroup;
			children = (
				B124336927FE049000E21B90 /* Session.swift */,
				BC7363D026C0EF2600C9E753 /* ContentView.swift */,
				B179C46D280F201C000D605F /* Account */,
				B124335C27FE016700E21B90 /* Components */,
				B192E6BA281090C700530984 /* Position */,
				B124335E27FE016700E21B90 /* Login */,
				B124336127FE016700E21B90 /* Onboarding */,
				B1CD86C4280349DE00A15765 /* Market */,
				B166180C2804C15A00EA9C37 /* OpenPostion */,
				B124335B27FE016700E21B90 /* AllMarkets */,
			);
			path = Core;
			sourceTree = "<group>";
		};
		B124335B27FE016700E21B90 /* AllMarkets */ = {
			isa = PBXGroup;
			children = (
				B1CD86C5280349F100A15765 /* Views */,
				B16A4F3B27FE659A001F6798 /* ViewModels */,
			);
			path = AllMarkets;
			sourceTree = "<group>";
		};
		B124335C27FE016700E21B90 /* Components */ = {
			isa = PBXGroup;
			children = (
				B124335D27FE016700E21B90 /* LottieView.swift */,
				B1CD86D028038E8D00A15765 /* OrderButton.swift */,
			);
			path = Components;
			sourceTree = "<group>";
		};
		B124335E27FE016700E21B90 /* Login */ = {
			isa = PBXGroup;
			children = (
				B124335F27FE016700E21B90 /* ViewModels */,
				B124336027FE016700E21B90 /* LoginView.swift */,
			);
			path = Login;
			sourceTree = "<group>";
		};
		B124335F27FE016700E21B90 /* ViewModels */ = {
			isa = PBXGroup;
			children = (
			);
			path = ViewModels;
			sourceTree = "<group>";
		};
		B124336127FE016700E21B90 /* Onboarding */ = {
			isa = PBXGroup;
			children = (
				B124336227FE016700E21B90 /* OnboardingView.swift */,
			);
			path = Onboarding;
			sourceTree = "<group>";
		};
		B143E34E27F7F6570018114E /* Frameworks */ = {
			isa = PBXGroup;
			children = (
			);
			name = Frameworks;
			sourceTree = "<group>";
		};
		B16617FC2804909000EA9C37 /* ApolloConfig */ = {
			isa = PBXGroup;
			children = (
				B16617FE280490B400EA9C37 /* CurieV2 */,
				B16617FD280490A300EA9C37 /* PerpStats */,
			);
			path = ApolloConfig;
			sourceTree = "<group>";
		};
		B16617FD280490A300EA9C37 /* PerpStats */ = {
			isa = PBXGroup;
			children = (
				B192031C2809DCAB00582020 /* APIStats.swift */,
				B124A3B22808B570003DFA1B /* ListCandleSticks.graphql */,
				B143E2072801E54200FBE040 /* GetStatistics.graphql */,
			);
			path = PerpStats;
			sourceTree = "<group>";
		};
		B16617FE280490B400EA9C37 /* CurieV2 */ = {
			isa = PBXGroup;
			children = (
				B19203282809EF4200582020 /* APICurie.swift */,
				B16618082804B87B00EA9C37 /* GetTrader.graphql */,
				B19203182809DB3300582020 /* GetPosition.graphql */,
				B19203262809ED0200582020 /* GetFundingUpdate.graphql */,
			);
			path = CurieV2;
			sourceTree = "<group>";
		};
		B166180C2804C15A00EA9C37 /* OpenPostion */ = {
			isa = PBXGroup;
			children = (
				B166180E2804C18E00EA9C37 /* ViewModels */,
				B166180D2804C18900EA9C37 /* Views */,
			);
			path = OpenPostion;
			sourceTree = "<group>";
		};
		B166180D2804C18900EA9C37 /* Views */ = {
			isa = PBXGroup;
			children = (
			);
			path = Views;
			sourceTree = "<group>";
		};
		B166180E2804C18E00EA9C37 /* ViewModels */ = {
			isa = PBXGroup;
			children = (
			);
			path = ViewModels;
			sourceTree = "<group>";
		};
		B16A4F3827FE6324001F6798 /* APIModels */ = {
			isa = PBXGroup;
			children = (
				B16A4F3927FE6340001F6798 /* PerpMetadataAPIModel.swift */,
			);
			path = APIModels;
			sourceTree = "<group>";
		};
		B16A4F3B27FE659A001F6798 /* ViewModels */ = {
			isa = PBXGroup;
			children = (
				B16A4F3E27FE6A9E001F6798 /* MarketsViewModel.swift */,
				B16D941F280101D6003FF2B0 /* MarketRowViewModel.swift */,
			);
			path = ViewModels;
			sourceTree = "<group>";
		};
		B179C46D280F201C000D605F /* Account */ = {
			isa = PBXGroup;
			children = (
				B179C46F280F202F000D605F /* ViewModels */,
				B179C46E280F202A000D605F /* Views */,
			);
			path = Account;
			sourceTree = "<group>";
		};
		B179C46E280F202A000D605F /* Views */ = {
			isa = PBXGroup;
			children = (
				B179C470280F203B000D605F /* AccountView.swift */,
				B179C472280F20EB000D605F /* PrivateKeyView.swift */,
			);
			path = Views;
			sourceTree = "<group>";
		};
		B179C46F280F202F000D605F /* ViewModels */ = {
			isa = PBXGroup;
			children = (
				B179C474280F2922000D605F /* AccountViewModel.swift */,
			);
			path = ViewModels;
			sourceTree = "<group>";
		};
		B192E6BA281090C700530984 /* Position */ = {
			isa = PBXGroup;
			children = (
				B192E6BB281090D100530984 /* Close */,
			);
			path = Position;
			sourceTree = "<group>";
		};
		B192E6BB281090D100530984 /* Close */ = {
			isa = PBXGroup;
			children = (
				B192E6BF281095F300530984 /* ViewModels */,
				B192E6BE281095EB00530984 /* Views */,
			);
			path = Close;
			sourceTree = "<group>";
		};
		B192E6BE281095EB00530984 /* Views */ = {
			isa = PBXGroup;
			children = (
				B192E6BC281090E500530984 /* ClosePositionView.swift */,
			);
			path = Views;
			sourceTree = "<group>";
		};
		B192E6BF281095F300530984 /* ViewModels */ = {
			isa = PBXGroup;
			children = (
				B192E6C02810960200530984 /* ClosePositionViewModel.swift */,
			);
			path = ViewModels;
			sourceTree = "<group>";
		};
		B1CD86C4280349DE00A15765 /* Market */ = {
			isa = PBXGroup;
			children = (
				B1CD86C728034A0600A15765 /* ViewModels */,
				B1CD86C628034A0100A15765 /* Views */,
			);
			path = Market;
			sourceTree = "<group>";
		};
		B1CD86C5280349F100A15765 /* Views */ = {
			isa = PBXGroup;
			children = (
				B1B3970327FE08D30079A4AE /* MarketsView.swift */,
				B1B3970527FE0E600079A4AE /* MarketRowView.swift */,
			);
			path = Views;
			sourceTree = "<group>";
		};
		B1CD86C628034A0100A15765 /* Views */ = {
			isa = PBXGroup;
			children = (
				B143E20D28021B4400FBE040 /* MarketView.swift */,
				B166180F2804C28100EA9C37 /* ChartView.swift */,
			);
			path = Views;
			sourceTree = "<group>";
		};
		B1CD86C728034A0600A15765 /* ViewModels */ = {
			isa = PBXGroup;
			children = (
				B1CD86C828034A1800A15765 /* MarketViewModel.swift */,
			);
			path = ViewModels;
			sourceTree = "<group>";
		};
		BC7363C226C0EF2600C9E753 = {
			isa = PBXGroup;
			children = (
				BCCCB2AF26E2640200B26878 /* .swiftlint.yml */,
				BC7363CD26C0EF2600C9E753 /* Perp */,
				BC7363CC26C0EF2600C9E753 /* Products */,
				B143E34E27F7F6570018114E /* Frameworks */,
			);
			sourceTree = "<group>";
		};
		BC7363CC26C0EF2600C9E753 /* Products */ = {
			isa = PBXGroup;
			children = (
				BC7363CB26C0EF2600C9E753 /* Perp.app */,
			);
			name = Products;
			sourceTree = "<group>";
		};
		BC7363CD26C0EF2600C9E753 /* Perp */ = {
			isa = PBXGroup;
			children = (
				B143E2032801E3B000FBE040 /* schemaStats.json */,
				B16618002804B4F800EA9C37 /* schema.json */,
				B16617FC2804909000EA9C37 /* ApolloConfig */,
				B124334527FE013F00E21B90 /* Extensions */,
				B124334427FE013F00E21B90 /* Models */,
				B124334F27FE013F00E21B90 /* Services */,
				B124334B27FE013F00E21B90 /* Utilities */,
				B124335827FE015300E21B90 /* Core */,
				BCD07E5026D18E8200781E28 /* PerpApp.swift */,
				B143E33A27F7C71B0018114E /* Endpoints.swift */,
				BC7363D226C0EF2F00C9E753 /* Assets.xcassets */,
				BC7363D726C0EF2F00C9E753 /* Info.plist */,
				BC7363D426C0EF2F00C9E753 /* Preview Content */,
				B14EBB1527F240810091621E /* Web3Auth.plist */,
			);
			path = Perp;
			sourceTree = "<group>";
		};
		BC7363D426C0EF2F00C9E753 /* Preview Content */ = {
			isa = PBXGroup;
			children = (
				BC7363D526C0EF2F00C9E753 /* Preview Assets.xcassets */,
			);
			path = "Preview Content";
			sourceTree = "<group>";
		};
/* End PBXGroup section */

/* Begin PBXNativeTarget section */
		BC7363CA26C0EF2600C9E753 /* Perp */ = {
			isa = PBXNativeTarget;
			buildConfigurationList = BC7363DA26C0EF2F00C9E753 /* Build configuration list for PBXNativeTarget "Perp" */;
			buildPhases = (
				BC7363C726C0EF2600C9E753 /* Sources */,
				BC7363C826C0EF2600C9E753 /* Frameworks */,
				BC7363C926C0EF2600C9E753 /* Resources */,
				BCCCB2AB26E2639000B26878 /* Apollo */,
				B16617FF2804B46E00EA9C37 /* Apollo Curie v2 */,
				BC447FF626E427A900F6357A /* Embed Frameworks */,
				B1AD306327FA2E7C000CFB35 /* ShellScript */,
			);
			buildRules = (
			);
			dependencies = (
			);
			name = Perp;
			packageProductDependencies = (
				BC0A9CCF2754FC930000B7C0 /* Lottie */,
				BC0A9CD2275500140000B7C0 /* SDWebImageSwiftUI */,
				B143E34327F7E3330018114E /* SDWebImageSVGCoder */,
				B143E35027F7F6700018114E /* Web3Auth */,
				B143E35327F7F6B70018114E /* web3swift */,
				B127235D27F9FCC000EB35BE /* LightweightCharts */,
				B1AD305D27FA2D73000CFB35 /* Apollo */,
				B1AD305F27FA2D73000CFB35 /* ApolloUtils */,
				B1AD306127FA2D73000CFB35 /* ApolloWebSocket */,
			);
			productName = Perp;
			productReference = BC7363CB26C0EF2600C9E753 /* Perp.app */;
			productType = "com.apple.product-type.application";
		};
/* End PBXNativeTarget section */

/* Begin PBXProject section */
		BC7363C326C0EF2600C9E753 /* Project object */ = {
			isa = PBXProject;
			attributes = {
				LastSwiftUpdateCheck = 1240;
				LastUpgradeCheck = 1240;
				TargetAttributes = {
					BC7363CA26C0EF2600C9E753 = {
						CreatedOnToolsVersion = 12.4;
					};
				};
			};
			buildConfigurationList = BC7363C626C0EF2600C9E753 /* Build configuration list for PBXProject "Perp" */;
			compatibilityVersion = "Xcode 9.3";
			developmentRegion = en;
			hasScannedForEncodings = 0;
			knownRegions = (
				en,
				Base,
			);
			mainGroup = BC7363C226C0EF2600C9E753;
			packageReferences = (
				BC0A9CC12754F7D60000B7C0 /* XCRemoteSwiftPackageReference "Alamofire" */,
				BC0A9CCE2754FC930000B7C0 /* XCRemoteSwiftPackageReference "lottie-ios" */,
				BC0A9CD1275500140000B7C0 /* XCRemoteSwiftPackageReference "SDWebImageSwiftUI" */,
				B143E34227F7E3330018114E /* XCRemoteSwiftPackageReference "SDWebImageSVGCoder" */,
				B143E34F27F7F6700018114E /* XCRemoteSwiftPackageReference "web3auth-swift-sdk" */,
				B143E35227F7F6B70018114E /* XCRemoteSwiftPackageReference "web3swift" */,
				B127235C27F9FCC000EB35BE /* XCRemoteSwiftPackageReference "LightweightChartsIOS" */,
				B1AD305C27FA2D73000CFB35 /* XCRemoteSwiftPackageReference "apollo-ios" */,
			);
			productRefGroup = BC7363CC26C0EF2600C9E753 /* Products */;
			projectDirPath = "";
			projectRoot = "";
			targets = (
				BC7363CA26C0EF2600C9E753 /* Perp */,
			);
		};
/* End PBXProject section */

/* Begin PBXResourcesBuildPhase section */
		BC7363C926C0EF2600C9E753 /* Resources */ = {
			isa = PBXResourcesBuildPhase;
			buildActionMask = 2147483647;
			files = (
				B16618092804B87B00EA9C37 /* GetTrader.graphql in Resources */,
				B16618012804B4F800EA9C37 /* schema.json in Resources */,
				BCCCB2B026E2640200B26878 /* .swiftlint.yml in Resources */,
				B143E2082801E54200FBE040 /* GetStatistics.graphql in Resources */,
				B143E2042801E3B000FBE040 /* schemaStats.json in Resources */,
				B19203272809ED0200582020 /* GetFundingUpdate.graphql in Resources */,
				B14EBB1627F240810091621E /* Web3Auth.plist in Resources */,
				B19203192809DB3300582020 /* GetPosition.graphql in Resources */,
				B124A3B32808B570003DFA1B /* ListCandleSticks.graphql in Resources */,
				BC7363D626C0EF2F00C9E753 /* Preview Assets.xcassets in Resources */,
				BC7363D326C0EF2F00C9E753 /* Assets.xcassets in Resources */,
			);
			runOnlyForDeploymentPostprocessing = 0;
		};
/* End PBXResourcesBuildPhase section */

/* Begin PBXShellScriptBuildPhase section */
		B16617FF2804B46E00EA9C37 /* Apollo Curie v2 */ = {
			isa = PBXShellScriptBuildPhase;
			buildActionMask = 2147483647;
			files = (
			);
			inputFileListPaths = (
			);
			inputPaths = (
			);
			name = "Apollo Curie v2";
			outputFileListPaths = (
			);
			outputPaths = (
			);
			runOnlyForDeploymentPostprocessing = 0;
			shellPath = /bin/sh;
			shellScript = "# Don't run this during index builds\nif [ $ACTION = \"indexbuild\" ]; then exit 0; fi\n\n# Go to the build root and search up the chain to find the Derived Data Path where the source packages are checked out.\nDERIVED_DATA_CANDIDATE=\"${BUILD_ROOT}\"\n\nwhile ! [ -d \"${DERIVED_DATA_CANDIDATE}/SourcePackages\" ]; do\n  if [ \"${DERIVED_DATA_CANDIDATE}\" = / ]; then\n    echo >&2 \"error: Unable to locate SourcePackages directory from BUILD_ROOT: '${BUILD_ROOT}'\"\n    exit 1\n  fi\n\n  DERIVED_DATA_CANDIDATE=\"$(dirname \"${DERIVED_DATA_CANDIDATE}\")\"\ndone\n\n# Grab a reference to the directory where scripts are checked out\nSCRIPT_PATH=\"${DERIVED_DATA_CANDIDATE}/SourcePackages/checkouts/apollo-ios/scripts\"\n\nif [ -z \"${SCRIPT_PATH}\" ]; then\n    echo >&2 \"error: Couldn't find the CLI script in your checked out SPM packages; make sure to add the framework to your project.\"\n    exit 1\nfi\n\ncd \"${SRCROOT}/${TARGET_NAME}\"\n\"${SCRIPT_PATH}\"/run-bundled-codegen.sh codegen:generate --target=swift --includes=./ApolloConfig/CurieV2/*.graphql --localSchemaFile=\"schema.json\" APICurie.swift\n#\"${SCRIPT_PATH}\"/run-bundled-codegen.sh schema:download --endpoint=\"https://api.thegraph.com/subgraphs/name/perpetual-protocol/perpetual-v2-optimism\"\n";
		};
		B1AD306327FA2E7C000CFB35 /* ShellScript */ = {
			isa = PBXShellScriptBuildPhase;
			buildActionMask = 2147483647;
			files = (
			);
			inputFileListPaths = (
			);
			inputPaths = (
			);
			outputFileListPaths = (
			);
			outputPaths = (
			);
			runOnlyForDeploymentPostprocessing = 0;
			shellPath = /bin/sh;
			shellScript = "# Type a script or drag a script file from your workspace to insert its path.\n";
		};
		BCCCB2AB26E2639000B26878 /* Apollo */ = {
			isa = PBXShellScriptBuildPhase;
			buildActionMask = 2147483647;
			files = (
			);
			inputFileListPaths = (
			);
			inputPaths = (
			);
			name = Apollo;
			outputFileListPaths = (
			);
			outputPaths = (
			);
			runOnlyForDeploymentPostprocessing = 0;
			shellPath = /bin/sh;
			shellScript = "# Don't run this during index builds\nif [ $ACTION = \"indexbuild\" ]; then exit 0; fi\n\n# Go to the build root and search up the chain to find the Derived Data Path where the source packages are checked out.\nDERIVED_DATA_CANDIDATE=\"${BUILD_ROOT}\"\n\nwhile ! [ -d \"${DERIVED_DATA_CANDIDATE}/SourcePackages\" ]; do\n  if [ \"${DERIVED_DATA_CANDIDATE}\" = / ]; then\n    echo >&2 \"error: Unable to locate SourcePackages directory from BUILD_ROOT: '${BUILD_ROOT}'\"\n    exit 1\n  fi\n\n  DERIVED_DATA_CANDIDATE=\"$(dirname \"${DERIVED_DATA_CANDIDATE}\")\"\ndone\n\n# Grab a reference to the directory where scripts are checked out\nSCRIPT_PATH=\"${DERIVED_DATA_CANDIDATE}/SourcePackages/checkouts/apollo-ios/scripts\"\n\nif [ -z \"${SCRIPT_PATH}\" ]; then\n    echo >&2 \"error: Couldn't find the CLI script in your checked out SPM packages; make sure to add the framework to your project.\"\n    exit 1\nfi\n\ncd \"${SRCROOT}/${TARGET_NAME}\"\n\"${SCRIPT_PATH}\"/run-bundled-codegen.sh codegen:generate --target=swift --includes=./ApolloConfig/PerpStats/*.graphql --localSchemaFile=\"schemaStats.json\" APIStats.swift\n#\"${SCRIPT_PATH}\"/run-bundled-codegen.sh schemaStats:download --endpoint=\"https://4b3vdz2hdjho7gzuo4wl2jgsoe.appsync-api.ap-southeast-1.amazonaws.com/graphql\" --header \"X-Api-Key: da2-6pzuogcgvvamdnv6sglgjnvk2a\"\n";
		};
/* End PBXShellScriptBuildPhase section */

/* Begin PBXSourcesBuildPhase section */
		BC7363C726C0EF2600C9E753 /* Sources */ = {
			isa = PBXSourcesBuildPhase;
			buildActionMask = 2147483647;
			files = (
				B124336A27FE049000E21B90 /* Session.swift in Sources */,
				B192E6BD281090E500530984 /* ClosePositionView.swift in Sources */,
				B16D941C2800C3E7003FF2B0 /* Web3Manager.swift in Sources */,
				B143E33B27F7C71B0018114E /* Endpoints.swift in Sources */,
				B179C473280F20EB000D605F /* PrivateKeyView.swift in Sources */,
				B19203292809EF4200582020 /* APICurie.swift in Sources */,
				B124335327FE013F00E21B90 /* UIApplication.swift in Sources */,
				B1CD86D128038E8D00A15765 /* OrderButton.swift in Sources */,
				B1CD86CF28037D0D00A15765 /* String.swift in Sources */,
				B16A4F3D27FE661A001F6798 /* Market.swift in Sources */,
				B16A4F4127FE7018001F6798 /* PerpMetadataService.swift in Sources */,
				B179C477280F30A4000D605F /* AccountDataService.swift in Sources */,
				B179C475280F2922000D605F /* AccountViewModel.swift in Sources */,
				B143E20E28021B4400FBE040 /* MarketView.swift in Sources */,
				B16D941A2800BE35003FF2B0 /* MarketDataService.swift in Sources */,
				B1CD86CD2803740700A15765 /* Globals.swift in Sources */,
				BC7363D126C0EF2600C9E753 /* ContentView.swift in Sources */,
				BCD07E5126D18E8200781E28 /* PerpApp.swift in Sources */,
				B16A4F4327FE76AE001F6798 /* NetworkingManager.swift in Sources */,
				B1B3970027FE07A10079A4AE /* Web3AuthModels.swift in Sources */,
				B19203152809CD1200582020 /* MarketStatistics.swift in Sources */,
				B192031D2809DCAC00582020 /* APIStats.swift in Sources */,
				B16A4F3F27FE6A9E001F6798 /* MarketsViewModel.swift in Sources */,
				B124335027FE013F00E21B90 /* Date.swift in Sources */,
				B1B3970427FE08D30079A4AE /* MarketsView.swift in Sources */,
				B124335427FE013F00E21B90 /* Color.swift in Sources */,
				B16D941E2800CCF7003FF2B0 /* ABI.swift in Sources */,
				B16D9420280101D6003FF2B0 /* MarketRowViewModel.swift in Sources */,
				B192E6C12810960200530984 /* ClosePositionViewModel.swift in Sources */,
				B179C471280F203B000D605F /* AccountView.swift in Sources */,
				B124335227FE013F00E21B90 /* Double.swift in Sources */,
				B124336527FE016700E21B90 /* LoginView.swift in Sources */,
				B1B3970627FE0E600079A4AE /* MarketRowView.swift in Sources */,
				B16618102804C28100EA9C37 /* ChartView.swift in Sources */,
				B19203172809D14E00582020 /* Position.swift in Sources */,
				B124335127FE013F00E21B90 /* PreviewProvider.swift in Sources */,
				B143E20C2801E90400FBE040 /* Network.swift in Sources */,
				B1CD86C928034A1800A15765 /* MarketViewModel.swift in Sources */,
				B124336427FE016700E21B90 /* LottieView.swift in Sources */,
				B16A4F3A27FE6340001F6798 /* PerpMetadataAPIModel.swift in Sources */,
				B124336627FE016700E21B90 /* OnboardingView.swift in Sources */,
			);
			runOnlyForDeploymentPostprocessing = 0;
		};
/* End PBXSourcesBuildPhase section */

/* Begin XCBuildConfiguration section */
		BC7363D826C0EF2F00C9E753 /* Debug */ = {
			isa = XCBuildConfiguration;
			buildSettings = {
				ALWAYS_SEARCH_USER_PATHS = NO;
				CLANG_ANALYZER_NONNULL = YES;
				CLANG_ANALYZER_NUMBER_OBJECT_CONVERSION = YES_AGGRESSIVE;
				CLANG_CXX_LANGUAGE_STANDARD = "gnu++14";
				CLANG_CXX_LIBRARY = "libc++";
				CLANG_ENABLE_MODULES = YES;
				CLANG_ENABLE_OBJC_ARC = YES;
				CLANG_ENABLE_OBJC_WEAK = YES;
				CLANG_WARN_BLOCK_CAPTURE_AUTORELEASING = YES;
				CLANG_WARN_BOOL_CONVERSION = YES;
				CLANG_WARN_COMMA = YES;
				CLANG_WARN_CONSTANT_CONVERSION = YES;
				CLANG_WARN_DEPRECATED_OBJC_IMPLEMENTATIONS = YES;
				CLANG_WARN_DIRECT_OBJC_ISA_USAGE = YES_ERROR;
				CLANG_WARN_DOCUMENTATION_COMMENTS = YES;
				CLANG_WARN_EMPTY_BODY = YES;
				CLANG_WARN_ENUM_CONVERSION = YES;
				CLANG_WARN_INFINITE_RECURSION = YES;
				CLANG_WARN_INT_CONVERSION = YES;
				CLANG_WARN_NON_LITERAL_NULL_CONVERSION = YES;
				CLANG_WARN_OBJC_IMPLICIT_RETAIN_SELF = YES;
				CLANG_WARN_OBJC_LITERAL_CONVERSION = YES;
				CLANG_WARN_OBJC_ROOT_CLASS = YES_ERROR;
				CLANG_WARN_QUOTED_INCLUDE_IN_FRAMEWORK_HEADER = YES;
				CLANG_WARN_RANGE_LOOP_ANALYSIS = YES;
				CLANG_WARN_STRICT_PROTOTYPES = YES;
				CLANG_WARN_SUSPICIOUS_MOVE = YES;
				CLANG_WARN_UNGUARDED_AVAILABILITY = YES_AGGRESSIVE;
				CLANG_WARN_UNREACHABLE_CODE = YES;
				CLANG_WARN__DUPLICATE_METHOD_MATCH = YES;
				COPY_PHASE_STRIP = NO;
				DEAD_CODE_STRIPPING = NO;
				DEBUG_INFORMATION_FORMAT = dwarf;
				ENABLE_STRICT_OBJC_MSGSEND = YES;
				ENABLE_TESTABILITY = YES;
				EXCLUDED_ARCHS = "";
				GCC_C_LANGUAGE_STANDARD = gnu11;
				GCC_DYNAMIC_NO_PIC = NO;
				GCC_NO_COMMON_BLOCKS = YES;
				GCC_OPTIMIZATION_LEVEL = 0;
				GCC_PREPROCESSOR_DEFINITIONS = (
					"DEBUG=1",
					"$(inherited)",
				);
				GCC_WARN_64_TO_32_BIT_CONVERSION = YES;
				GCC_WARN_ABOUT_RETURN_TYPE = YES_ERROR;
				GCC_WARN_UNDECLARED_SELECTOR = YES;
				GCC_WARN_UNINITIALIZED_AUTOS = YES_AGGRESSIVE;
				GCC_WARN_UNUSED_FUNCTION = YES;
				GCC_WARN_UNUSED_VARIABLE = YES;
				IPHONEOS_DEPLOYMENT_TARGET = 14.0;
				MTL_ENABLE_DEBUG_INFO = INCLUDE_SOURCE;
				MTL_FAST_MATH = YES;
				ONLY_ACTIVE_ARCH = YES;
				SDKROOT = iphoneos;
				SWIFT_ACTIVE_COMPILATION_CONDITIONS = DEBUG;
				SWIFT_OPTIMIZATION_LEVEL = "-Onone";
			};
			name = Debug;
		};
		BC7363D926C0EF2F00C9E753 /* Release */ = {
			isa = XCBuildConfiguration;
			buildSettings = {
				ALWAYS_SEARCH_USER_PATHS = NO;
				CLANG_ANALYZER_NONNULL = YES;
				CLANG_ANALYZER_NUMBER_OBJECT_CONVERSION = YES_AGGRESSIVE;
				CLANG_CXX_LANGUAGE_STANDARD = "gnu++14";
				CLANG_CXX_LIBRARY = "libc++";
				CLANG_ENABLE_MODULES = YES;
				CLANG_ENABLE_OBJC_ARC = YES;
				CLANG_ENABLE_OBJC_WEAK = YES;
				CLANG_WARN_BLOCK_CAPTURE_AUTORELEASING = YES;
				CLANG_WARN_BOOL_CONVERSION = YES;
				CLANG_WARN_COMMA = YES;
				CLANG_WARN_CONSTANT_CONVERSION = YES;
				CLANG_WARN_DEPRECATED_OBJC_IMPLEMENTATIONS = YES;
				CLANG_WARN_DIRECT_OBJC_ISA_USAGE = YES_ERROR;
				CLANG_WARN_DOCUMENTATION_COMMENTS = YES;
				CLANG_WARN_EMPTY_BODY = YES;
				CLANG_WARN_ENUM_CONVERSION = YES;
				CLANG_WARN_INFINITE_RECURSION = YES;
				CLANG_WARN_INT_CONVERSION = YES;
				CLANG_WARN_NON_LITERAL_NULL_CONVERSION = YES;
				CLANG_WARN_OBJC_IMPLICIT_RETAIN_SELF = YES;
				CLANG_WARN_OBJC_LITERAL_CONVERSION = YES;
				CLANG_WARN_OBJC_ROOT_CLASS = YES_ERROR;
				CLANG_WARN_QUOTED_INCLUDE_IN_FRAMEWORK_HEADER = YES;
				CLANG_WARN_RANGE_LOOP_ANALYSIS = YES;
				CLANG_WARN_STRICT_PROTOTYPES = YES;
				CLANG_WARN_SUSPICIOUS_MOVE = YES;
				CLANG_WARN_UNGUARDED_AVAILABILITY = YES_AGGRESSIVE;
				CLANG_WARN_UNREACHABLE_CODE = YES;
				CLANG_WARN__DUPLICATE_METHOD_MATCH = YES;
				COPY_PHASE_STRIP = NO;
				DEAD_CODE_STRIPPING = NO;
				DEBUG_INFORMATION_FORMAT = "dwarf-with-dsym";
				ENABLE_NS_ASSERTIONS = NO;
				ENABLE_STRICT_OBJC_MSGSEND = YES;
				EXCLUDED_ARCHS = "";
				GCC_C_LANGUAGE_STANDARD = gnu11;
				GCC_NO_COMMON_BLOCKS = YES;
				GCC_WARN_64_TO_32_BIT_CONVERSION = YES;
				GCC_WARN_ABOUT_RETURN_TYPE = YES_ERROR;
				GCC_WARN_UNDECLARED_SELECTOR = YES;
				GCC_WARN_UNINITIALIZED_AUTOS = YES_AGGRESSIVE;
				GCC_WARN_UNUSED_FUNCTION = YES;
				GCC_WARN_UNUSED_VARIABLE = YES;
				IPHONEOS_DEPLOYMENT_TARGET = 14.0;
				MTL_ENABLE_DEBUG_INFO = NO;
				MTL_FAST_MATH = YES;
				SDKROOT = iphoneos;
				SWIFT_COMPILATION_MODE = wholemodule;
				SWIFT_OPTIMIZATION_LEVEL = "-O";
				VALIDATE_PRODUCT = YES;
			};
			name = Release;
		};
		BC7363DB26C0EF2F00C9E753 /* Debug */ = {
			isa = XCBuildConfiguration;
			buildSettings = {
				ASSETCATALOG_COMPILER_APPICON_NAME = AppIcon;
				ASSETCATALOG_COMPILER_GLOBAL_ACCENT_COLOR_NAME = AccentColor;
				CODE_SIGN_IDENTITY = "Apple Development";
				CODE_SIGN_STYLE = Automatic;
				CURRENT_PROJECT_VERSION = 1;
				DEVELOPMENT_ASSET_PATHS = "\"Perp/Preview Content\"";
				DEVELOPMENT_TEAM = FYS9RNAGTV;
				ENABLE_PREVIEWS = YES;
				EXCLUDED_ARCHS = "";
				INFOPLIST_FILE = Perp/Info.plist;
				IPHONEOS_DEPLOYMENT_TARGET = 14.1;
				LD_RUNPATH_SEARCH_PATHS = (
					"$(inherited)",
					"@executable_path/Frameworks",
				);
				MARKETING_VERSION = 1.0.2;
				PRODUCT_BUNDLE_IDENTIFIER = com.beauth.perpetual;
				PRODUCT_NAME = "$(TARGET_NAME)";
				PROVISIONING_PROFILE_SPECIFIER = "";
				SWIFT_VERSION = 5.0;
				TARGETED_DEVICE_FAMILY = 1;
			};
			name = Debug;
		};
		BC7363DC26C0EF2F00C9E753 /* Release */ = {
			isa = XCBuildConfiguration;
			buildSettings = {
				ASSETCATALOG_COMPILER_APPICON_NAME = AppIcon;
				ASSETCATALOG_COMPILER_GLOBAL_ACCENT_COLOR_NAME = AccentColor;
				CODE_SIGN_IDENTITY = "Apple Development";
				CODE_SIGN_STYLE = Automatic;
				CURRENT_PROJECT_VERSION = 1;
				DEVELOPMENT_ASSET_PATHS = "\"Perp/Preview Content\"";
				DEVELOPMENT_TEAM = FYS9RNAGTV;
				ENABLE_PREVIEWS = YES;
				EXCLUDED_ARCHS = "";
				INFOPLIST_FILE = Perp/Info.plist;
				IPHONEOS_DEPLOYMENT_TARGET = 14.1;
				LD_RUNPATH_SEARCH_PATHS = (
					"$(inherited)",
					"@executable_path/Frameworks",
				);
				MARKETING_VERSION = 1.0.2;
				PRODUCT_BUNDLE_IDENTIFIER = com.beauth.perpetual;
				PRODUCT_NAME = "$(TARGET_NAME)";
				PROVISIONING_PROFILE_SPECIFIER = "";
				SWIFT_VERSION = 5.0;
				TARGETED_DEVICE_FAMILY = 1;
			};
			name = Release;
		};
/* End XCBuildConfiguration section */

/* Begin XCConfigurationList section */
		BC7363C626C0EF2600C9E753 /* Build configuration list for PBXProject "Perp" */ = {
			isa = XCConfigurationList;
			buildConfigurations = (
				BC7363D826C0EF2F00C9E753 /* Debug */,
				BC7363D926C0EF2F00C9E753 /* Release */,
			);
			defaultConfigurationIsVisible = 0;
			defaultConfigurationName = Release;
		};
		BC7363DA26C0EF2F00C9E753 /* Build configuration list for PBXNativeTarget "Perp" */ = {
			isa = XCConfigurationList;
			buildConfigurations = (
				BC7363DB26C0EF2F00C9E753 /* Debug */,
				BC7363DC26C0EF2F00C9E753 /* Release */,
			);
			defaultConfigurationIsVisible = 0;
			defaultConfigurationName = Release;
		};
/* End XCConfigurationList section */

/* Begin XCRemoteSwiftPackageReference section */
		B127235C27F9FCC000EB35BE /* XCRemoteSwiftPackageReference "LightweightChartsIOS" */ = {
			isa = XCRemoteSwiftPackageReference;
			repositoryURL = "https://github.com/tradingview/LightweightChartsIOS";
			requirement = {
				kind = upToNextMajorVersion;
				minimumVersion = 3.0.0;
			};
		};
		B143E34227F7E3330018114E /* XCRemoteSwiftPackageReference "SDWebImageSVGCoder" */ = {
			isa = XCRemoteSwiftPackageReference;
			repositoryURL = "https://github.com/SDWebImage/SDWebImageSVGCoder.git";
			requirement = {
				kind = upToNextMajorVersion;
				minimumVersion = 1.0.0;
			};
		};
		B143E34F27F7F6700018114E /* XCRemoteSwiftPackageReference "web3auth-swift-sdk" */ = {
			isa = XCRemoteSwiftPackageReference;
			repositoryURL = "https://github.com/web3auth/web3auth-swift-sdk";
			requirement = {
				kind = upToNextMajorVersion;
				minimumVersion = 3.0.0;
			};
		};
		B143E35227F7F6B70018114E /* XCRemoteSwiftPackageReference "web3swift" */ = {
			isa = XCRemoteSwiftPackageReference;
			repositoryURL = "https://github.com/skywinder/web3swift";
			requirement = {
				kind = upToNextMajorVersion;
				minimumVersion = 2.0.0;
			};
		};
		B1AD305C27FA2D73000CFB35 /* XCRemoteSwiftPackageReference "apollo-ios" */ = {
			isa = XCRemoteSwiftPackageReference;
			repositoryURL = "https://github.com/apollographql/apollo-ios";
			requirement = {
				kind = upToNextMajorVersion;
				minimumVersion = 0.9.5;
			};
		};
		BC0A9CC12754F7D60000B7C0 /* XCRemoteSwiftPackageReference "Alamofire" */ = {
			isa = XCRemoteSwiftPackageReference;
			repositoryURL = "https://github.com/Alamofire/Alamofire.git";
			requirement = {
				kind = upToNextMajorVersion;
				minimumVersion = 5.0.0;
			};
		};
		BC0A9CCE2754FC930000B7C0 /* XCRemoteSwiftPackageReference "lottie-ios" */ = {
			isa = XCRemoteSwiftPackageReference;
			repositoryURL = "https://github.com/airbnb/lottie-ios";
			requirement = {
				kind = upToNextMajorVersion;
				minimumVersion = 3.0.0;
			};
		};
		BC0A9CD1275500140000B7C0 /* XCRemoteSwiftPackageReference "SDWebImageSwiftUI" */ = {
			isa = XCRemoteSwiftPackageReference;
			repositoryURL = "https://github.com/SDWebImage/SDWebImageSwiftUI.git";
			requirement = {
				kind = upToNextMajorVersion;
				minimumVersion = 2.0.0;
			};
		};
/* End XCRemoteSwiftPackageReference section */

/* Begin XCSwiftPackageProductDependency section */
		B127235D27F9FCC000EB35BE /* LightweightCharts */ = {
			isa = XCSwiftPackageProductDependency;
			package = B127235C27F9FCC000EB35BE /* XCRemoteSwiftPackageReference "LightweightChartsIOS" */;
			productName = LightweightCharts;
		};
		B143E34327F7E3330018114E /* SDWebImageSVGCoder */ = {
			isa = XCSwiftPackageProductDependency;
			package = B143E34227F7E3330018114E /* XCRemoteSwiftPackageReference "SDWebImageSVGCoder" */;
			productName = SDWebImageSVGCoder;
		};
		B143E35027F7F6700018114E /* Web3Auth */ = {
			isa = XCSwiftPackageProductDependency;
			package = B143E34F27F7F6700018114E /* XCRemoteSwiftPackageReference "web3auth-swift-sdk" */;
			productName = Web3Auth;
		};
		B143E35327F7F6B70018114E /* web3swift */ = {
			isa = XCSwiftPackageProductDependency;
			package = B143E35227F7F6B70018114E /* XCRemoteSwiftPackageReference "web3swift" */;
			productName = web3swift;
		};
		B1AD305D27FA2D73000CFB35 /* Apollo */ = {
			isa = XCSwiftPackageProductDependency;
			package = B1AD305C27FA2D73000CFB35 /* XCRemoteSwiftPackageReference "apollo-ios" */;
			productName = Apollo;
		};
		B1AD305F27FA2D73000CFB35 /* ApolloUtils */ = {
			isa = XCSwiftPackageProductDependency;
			package = B1AD305C27FA2D73000CFB35 /* XCRemoteSwiftPackageReference "apollo-ios" */;
			productName = ApolloUtils;
		};
		B1AD306127FA2D73000CFB35 /* ApolloWebSocket */ = {
			isa = XCSwiftPackageProductDependency;
			package = B1AD305C27FA2D73000CFB35 /* XCRemoteSwiftPackageReference "apollo-ios" */;
			productName = ApolloWebSocket;
		};
		BC0A9CCF2754FC930000B7C0 /* Lottie */ = {
			isa = XCSwiftPackageProductDependency;
			package = BC0A9CCE2754FC930000B7C0 /* XCRemoteSwiftPackageReference "lottie-ios" */;
			productName = Lottie;
		};
		BC0A9CD2275500140000B7C0 /* SDWebImageSwiftUI */ = {
			isa = XCSwiftPackageProductDependency;
			package = BC0A9CD1275500140000B7C0 /* XCRemoteSwiftPackageReference "SDWebImageSwiftUI" */;
			productName = SDWebImageSwiftUI;
		};
/* End XCSwiftPackageProductDependency section */
	};
	rootObject = BC7363C326C0EF2600C9E753 /* Project object */;
}
